
Microsoft Visual Studio Solution File, Format Version 12.00
# Visual Studio Version 17
VisualStudioVersion = 17.5.33530.505
MinimumVisualStudioVersion = 10.0.40219.1
Project("{9A19103F-16F7-4668-BE54-9A1E7A4F7556}") = "Composite", "Composite\Composite.csproj", "{A42743AB-614B-47D6-9BC5-E7F5E25BFD00}"
EndProject
Project("{9A19103F-16F7-4668-BE54-9A1E7A4F7556}") = "FileSystem", "FileSystem\FileSystem.csproj", "{C02AA8A8-84C3-47FF-955B-C31D30202A7C}"
EndProject
Global
	GlobalSection(SolutionConfigurationPlatforms) = preSolution
		Debug|Any CPU = Debug|Any CPU
		Release|Any CPU = Release|Any CPU
	EndGlobalSection
	GlobalSection(ProjectConfigurationPlatforms) = postSolution
		{A42743AB-614B-47D6-9BC5-E7F5E25BFD00}.Debug|Any CPU.ActiveCfg = Debug|Any CPU
		{A42743AB-614B-47D6-9BC5-E7F5E25BFD00}.Debug|Any CPU.Build.0 = Debug|Any CPU
		{A42743AB-614B-47D6-9BC5-E7F5E25BFD00}.Release|Any CPU.ActiveCfg = Release|Any CPU
		{A42743AB-614B-47D6-9BC5-E7F5E25BFD00}.Release|Any CPU.Build.0 = Release|Any CPU
		{C02AA8A8-84C3-47FF-955B-C31D30202A7C}.Debug|Any CPU.ActiveCfg = Debug|Any CPU
		{C02AA8A8-84C3-47FF-955B-C31D30202A7C}.Debug|Any CPU.Build.0 = Debug|Any CPU
		{C02AA8A8-84C3-47FF-955B-C31D30202A7C}.Release|Any CPU.ActiveCfg = Release|Any CPU
		{C02AA8A8-84C3-47FF-955B-C31D30202A7C}.Release|Any CPU.Build.0 = Release|Any CPU
	EndGlobalSection
	GlobalSection(SolutionProperties) = preSolution
		HideSolutionNode = FALSE
	EndGlobalSection
	GlobalSection(ExtensibilityGlobals) = postSolution
		SolutionGuid = {A94A2A30-3951-461A-BB93-C67ECC6FCFED}
	EndGlobalSection
EndGlobal
