
Microsoft Visual Studio Solution File, Format Version 12.00
# Visual Studio Version 17
VisualStudioVersion = 17.13.35919.96 d17.13
MinimumVisualStudioVersion = 10.0.40219.1
Project("{FAE04EC0-301F-11D3-BF4B-00C04F79EFBC}") = "ConverterParametersApp", "ConverterParametersApp\ConverterParametersApp.csproj", "{52846D76-425F-4874-AB96-16549316DE83}"
EndProject
Global
	GlobalSection(SolutionConfigurationPlatforms) = preSolution
		Debug|Any CPU = Debug|Any CPU
		Release|Any CPU = Release|Any CPU
	EndGlobalSection
	GlobalSection(ProjectConfigurationPlatforms) = postSolution
		{52846D76-425F-4874-AB96-16549316DE83}.Debug|Any CPU.ActiveCfg = Debug|Any CPU
		{52846D76-425F-4874-AB96-16549316DE83}.Debug|Any CPU.Build.0 = Debug|Any CPU
		{52846D76-425F-4874-AB96-16549316DE83}.Release|Any CPU.ActiveCfg = Release|Any CPU
		{52846D76-425F-4874-AB96-16549316DE83}.Release|Any CPU.Build.0 = Release|Any CPU
	EndGlobalSection
	GlobalSection(SolutionProperties) = preSolution
		HideSolutionNode = FALSE
	EndGlobalSection
	GlobalSection(ExtensibilityGlobals) = postSolution
		SolutionGuid = {8DBCC3CF-ADB3-456D-9AB6-AC9BAE2B3F6F}
	EndGlobalSection
EndGlobal
