
Microsoft Visual Studio Solution File, Format Version 12.00
# Visual Studio Version 17
VisualStudioVersion = 17.13.35825.156 d17.13
MinimumVisualStudioVersion = 10.0.40219.1
Project("{FAE04EC0-301F-11D3-BF4B-00C04F79EFBC}") = "StepperAndSliderApp", "StepperAndSliderApp\StepperAndSliderApp.csproj", "{7B5F3302-4A67-4737-98F1-2FFB38C1783E}"
EndProject
Global
	GlobalSection(SolutionConfigurationPlatforms) = preSolution
		Debug|Any CPU = Debug|Any CPU
		Release|Any CPU = Release|Any CPU
	EndGlobalSection
	GlobalSection(ProjectConfigurationPlatforms) = postSolution
		{7B5F3302-4A67-4737-98F1-2FFB38C1783E}.Debug|Any CPU.ActiveCfg = Debug|Any CPU
		{7B5F3302-4A67-4737-98F1-2FFB38C1783E}.Debug|Any CPU.Build.0 = Debug|Any CPU
		{7B5F3302-4A67-4737-98F1-2FFB38C1783E}.Release|Any CPU.ActiveCfg = Release|Any CPU
		{7B5F3302-4A67-4737-98F1-2FFB38C1783E}.Release|Any CPU.Build.0 = Release|Any CPU
	EndGlobalSection
	GlobalSection(SolutionProperties) = preSolution
		HideSolutionNode = FALSE
	EndGlobalSection
	GlobalSection(ExtensibilityGlobals) = postSolution
		SolutionGuid = {A49C1DFA-A028-4F0A-9FC6-7AB9EF3DF62C}
	EndGlobalSection
EndGlobal
