
Microsoft Visual Studio Solution File, Format Version 12.00
# Visual Studio Version 17
VisualStudioVersion = 17.4.33205.214
MinimumVisualStudioVersion = 10.0.40219.1
Project("{FAE04EC0-301F-11D3-BF4B-00C04F79EFBC}") = "FlowDocumentScrollViewer", "FlowDocumentScrollViewer\FlowDocumentScrollViewer.csproj", "{10409CDB-4D18-4CC1-8F66-8D5A5A7DCADE}"
EndProject
Project("{FAE04EC0-301F-11D3-BF4B-00C04F79EFBC}") = "FlowDocumentPageViewer", "FlowDocumentPageViewer\FlowDocumentPageViewer.csproj", "{4A4A71D7-D318-4C9F-ACE1-9509B5B5CC5C}"
EndProject
Project("{FAE04EC0-301F-11D3-BF4B-00C04F79EFBC}") = "FlowDocumentReader", "FlowDocumentReader\FlowDocumentReader.csproj", "{2F008B0F-5CD0-4A70-9E6D-262364104988}"
EndProject
Project("{FAE04EC0-301F-11D3-BF4B-00C04F79EFBC}") = "LoadAndSaveData", "LoadAndSaveData\LoadAndSaveData.csproj", "{85AC897A-2A17-4806-A946-04B4F76F8AC6}"
EndProject
Global
	GlobalSection(SolutionConfigurationPlatforms) = preSolution
		Debug|Any CPU = Debug|Any CPU
		Release|Any CPU = Release|Any CPU
	EndGlobalSection
	GlobalSection(ProjectConfigurationPlatforms) = postSolution
		{10409CDB-4D18-4CC1-8F66-8D5A5A7DCADE}.Debug|Any CPU.ActiveCfg = Debug|Any CPU
		{10409CDB-4D18-4CC1-8F66-8D5A5A7DCADE}.Debug|Any CPU.Build.0 = Debug|Any CPU
		{10409CDB-4D18-4CC1-8F66-8D5A5A7DCADE}.Release|Any CPU.ActiveCfg = Release|Any CPU
		{10409CDB-4D18-4CC1-8F66-8D5A5A7DCADE}.Release|Any CPU.Build.0 = Release|Any CPU
		{4A4A71D7-D318-4C9F-ACE1-9509B5B5CC5C}.Debug|Any CPU.ActiveCfg = Debug|Any CPU
		{4A4A71D7-D318-4C9F-ACE1-9509B5B5CC5C}.Debug|Any CPU.Build.0 = Debug|Any CPU
		{4A4A71D7-D318-4C9F-ACE1-9509B5B5CC5C}.Release|Any CPU.ActiveCfg = Release|Any CPU
		{4A4A71D7-D318-4C9F-ACE1-9509B5B5CC5C}.Release|Any CPU.Build.0 = Release|Any CPU
		{2F008B0F-5CD0-4A70-9E6D-262364104988}.Debug|Any CPU.ActiveCfg = Debug|Any CPU
		{2F008B0F-5CD0-4A70-9E6D-262364104988}.Debug|Any CPU.Build.0 = Debug|Any CPU
		{2F008B0F-5CD0-4A70-9E6D-262364104988}.Release|Any CPU.ActiveCfg = Release|Any CPU
		{2F008B0F-5CD0-4A70-9E6D-262364104988}.Release|Any CPU.Build.0 = Release|Any CPU
		{85AC897A-2A17-4806-A946-04B4F76F8AC6}.Debug|Any CPU.ActiveCfg = Debug|Any CPU
		{85AC897A-2A17-4806-A946-04B4F76F8AC6}.Debug|Any CPU.Build.0 = Debug|Any CPU
		{85AC897A-2A17-4806-A946-04B4F76F8AC6}.Release|Any CPU.ActiveCfg = Release|Any CPU
		{85AC897A-2A17-4806-A946-04B4F76F8AC6}.Release|Any CPU.Build.0 = Release|Any CPU
	EndGlobalSection
	GlobalSection(SolutionProperties) = preSolution
		HideSolutionNode = FALSE
	EndGlobalSection
	GlobalSection(ExtensibilityGlobals) = postSolution
		SolutionGuid = {322DCBE6-546C-47CB-858F-7D386F2A1D3F}
	EndGlobalSection
EndGlobal
