
Microsoft Visual Studio Solution File, Format Version 12.00
# Visual Studio Version 17
VisualStudioVersion = 17.14.36915.13 d17.14
MinimumVisualStudioVersion = 10.0.40219.1
Project("{FAE04EC0-301F-11D3-BF4B-00C04F79EFBC}") = "InputComponentsApp", "InputComponentsApp\InputComponentsApp.csproj", "{0D749BB0-3A7B-4F04-BB1D-04DB923B0BF7}"
EndProject
Global
	GlobalSection(SolutionConfigurationPlatforms) = preSolution
		Debug|Any CPU = Debug|Any CPU
		Release|Any CPU = Release|Any CPU
	EndGlobalSection
	GlobalSection(ProjectConfigurationPlatforms) = postSolution
		{0D749BB0-3A7B-4F04-BB1D-04DB923B0BF7}.Debug|Any CPU.ActiveCfg = Debug|Any CPU
		{0D749BB0-3A7B-4F04-BB1D-04DB923B0BF7}.Debug|Any CPU.Build.0 = Debug|Any CPU
		{0D749BB0-3A7B-4F04-BB1D-04DB923B0BF7}.Release|Any CPU.ActiveCfg = Release|Any CPU
		{0D749BB0-3A7B-4F04-BB1D-04DB923B0BF7}.Release|Any CPU.Build.0 = Release|Any CPU
	EndGlobalSection
	GlobalSection(SolutionProperties) = preSolution
		HideSolutionNode = FALSE
	EndGlobalSection
	GlobalSection(ExtensibilityGlobals) = postSolution
		SolutionGuid = {D897B475-CB15-4940-8054-402AF6F13984}
	EndGlobalSection
EndGlobal
