
Microsoft Visual Studio Solution File, Format Version 12.00
# Visual Studio Version 17
VisualStudioVersion = 17.5.33530.505
MinimumVisualStudioVersion = 10.0.40219.1
Project("{FAE04EC0-301F-11D3-BF4B-00C04F79EFBC}") = "Prototype", "Prototype\Prototype.csproj", "{83FF498E-3775-4769-A642-7A996980FA0A}"
EndProject
Project("{FAE04EC0-301F-11D3-BF4B-00C04F79EFBC}") = "Figures", "Figures\Figures.csproj", "{79E7BFE4-DADE-4298-8C84-4182CE977CCD}"
EndProject
Global
	GlobalSection(SolutionConfigurationPlatforms) = preSolution
		Debug|Any CPU = Debug|Any CPU
		Release|Any CPU = Release|Any CPU
	EndGlobalSection
	GlobalSection(ProjectConfigurationPlatforms) = postSolution
		{83FF498E-3775-4769-A642-7A996980FA0A}.Debug|Any CPU.ActiveCfg = Debug|Any CPU
		{83FF498E-3775-4769-A642-7A996980FA0A}.Debug|Any CPU.Build.0 = Debug|Any CPU
		{83FF498E-3775-4769-A642-7A996980FA0A}.Release|Any CPU.ActiveCfg = Release|Any CPU
		{83FF498E-3775-4769-A642-7A996980FA0A}.Release|Any CPU.Build.0 = Release|Any CPU
		{79E7BFE4-DADE-4298-8C84-4182CE977CCD}.Debug|Any CPU.ActiveCfg = Debug|Any CPU
		{79E7BFE4-DADE-4298-8C84-4182CE977CCD}.Debug|Any CPU.Build.0 = Debug|Any CPU
		{79E7BFE4-DADE-4298-8C84-4182CE977CCD}.Release|Any CPU.ActiveCfg = Release|Any CPU
		{79E7BFE4-DADE-4298-8C84-4182CE977CCD}.Release|Any CPU.Build.0 = Release|Any CPU
	EndGlobalSection
	GlobalSection(SolutionProperties) = preSolution
		HideSolutionNode = FALSE
	EndGlobalSection
	GlobalSection(ExtensibilityGlobals) = postSolution
		SolutionGuid = {367B8CB2-23F5-446C-B2D2-F67A2B44BE1D}
	EndGlobalSection
EndGlobal
