
Microsoft Visual Studio Solution File, Format Version 12.00
# Visual Studio Version 17
VisualStudioVersion = 17.5.33530.505
MinimumVisualStudioVersion = 10.0.40219.1
Project("{FAE04EC0-301F-11D3-BF4B-00C04F79EFBC}") = "MongoDbApp", "MongoDbApp\MongoDbApp.csproj", "{C5640B06-14B3-4311-B6E8-B25EE3D6223A}"
EndProject
Global
	GlobalSection(SolutionConfigurationPlatforms) = preSolution
		Debug|Any CPU = Debug|Any CPU
		Release|Any CPU = Release|Any CPU
	EndGlobalSection
	GlobalSection(ProjectConfigurationPlatforms) = postSolution
		{C5640B06-14B3-4311-B6E8-B25EE3D6223A}.Debug|Any CPU.ActiveCfg = Debug|Any CPU
		{C5640B06-14B3-4311-B6E8-B25EE3D6223A}.Debug|Any CPU.Build.0 = Debug|Any CPU
		{C5640B06-14B3-4311-B6E8-B25EE3D6223A}.Release|Any CPU.ActiveCfg = Release|Any CPU
		{C5640B06-14B3-4311-B6E8-B25EE3D6223A}.Release|Any CPU.Build.0 = Release|Any CPU
	EndGlobalSection
	GlobalSection(SolutionProperties) = preSolution
		HideSolutionNode = FALSE
	EndGlobalSection
	GlobalSection(ExtensibilityGlobals) = postSolution
		SolutionGuid = {AC68C1B4-E515-4F27-96E5-27AE3950F2F2}
	EndGlobalSection
EndGlobal
