
Microsoft Visual Studio Solution File, Format Version 12.00
# Visual Studio Version 17
VisualStudioVersion = 17.4.33205.214
MinimumVisualStudioVersion = 10.0.40219.1
Project("{FAE04EC0-301F-11D3-BF4B-00C04F79EFBC}") = "Cube", "Cube\Cube.csproj", "{91FF4DBD-8BF6-40CC-AA9A-2E625C6CE057}"
EndProject
Project("{FAE04EC0-301F-11D3-BF4B-00C04F79EFBC}") = "Texture", "Texture\Texture.csproj", "{70398398-0757-4D5C-B9D0-85919D062283}"
EndProject
Global
	GlobalSection(SolutionConfigurationPlatforms) = preSolution
		Debug|Any CPU = Debug|Any CPU
		Release|Any CPU = Release|Any CPU
	EndGlobalSection
	GlobalSection(ProjectConfigurationPlatforms) = postSolution
		{91FF4DBD-8BF6-40CC-AA9A-2E625C6CE057}.Debug|Any CPU.ActiveCfg = Debug|Any CPU
		{91FF4DBD-8BF6-40CC-AA9A-2E625C6CE057}.Debug|Any CPU.Build.0 = Debug|Any CPU
		{91FF4DBD-8BF6-40CC-AA9A-2E625C6CE057}.Release|Any CPU.ActiveCfg = Release|Any CPU
		{91FF4DBD-8BF6-40CC-AA9A-2E625C6CE057}.Release|Any CPU.Build.0 = Release|Any CPU
		{70398398-0757-4D5C-B9D0-85919D062283}.Debug|Any CPU.ActiveCfg = Debug|Any CPU
		{70398398-0757-4D5C-B9D0-85919D062283}.Debug|Any CPU.Build.0 = Debug|Any CPU
		{70398398-0757-4D5C-B9D0-85919D062283}.Release|Any CPU.ActiveCfg = Release|Any CPU
		{70398398-0757-4D5C-B9D0-85919D062283}.Release|Any CPU.Build.0 = Release|Any CPU
	EndGlobalSection
	GlobalSection(SolutionProperties) = preSolution
		HideSolutionNode = FALSE
	EndGlobalSection
	GlobalSection(ExtensibilityGlobals) = postSolution
		SolutionGuid = {EBC242D6-AE3B-4830-9D87-693C0627DB80}
	EndGlobalSection
EndGlobal
