
Microsoft Visual Studio Solution File, Format Version 12.00
# Visual Studio Version 17
VisualStudioVersion = 17.13.35919.96 d17.13
MinimumVisualStudioVersion = 10.0.40219.1
Project("{FAE04EC0-301F-11D3-BF4B-00C04F79EFBC}") = "ICommandApp", "ICommandApp\ICommandApp.csproj", "{AA473543-A1AB-4509-BD79-E225AFE6F017}"
EndProject
Global
	GlobalSection(SolutionConfigurationPlatforms) = preSolution
		Debug|Any CPU = Debug|Any CPU
		Release|Any CPU = Release|Any CPU
	EndGlobalSection
	GlobalSection(ProjectConfigurationPlatforms) = postSolution
		{AA473543-A1AB-4509-BD79-E225AFE6F017}.Debug|Any CPU.ActiveCfg = Debug|Any CPU
		{AA473543-A1AB-4509-BD79-E225AFE6F017}.Debug|Any CPU.Build.0 = Debug|Any CPU
		{AA473543-A1AB-4509-BD79-E225AFE6F017}.Release|Any CPU.ActiveCfg = Release|Any CPU
		{AA473543-A1AB-4509-BD79-E225AFE6F017}.Release|Any CPU.Build.0 = Release|Any CPU
	EndGlobalSection
	GlobalSection(SolutionProperties) = preSolution
		HideSolutionNode = FALSE
	EndGlobalSection
	GlobalSection(ExtensibilityGlobals) = postSolution
		SolutionGuid = {17CBA06B-1357-4F15-AB02-1DA18CDC0436}
	EndGlobalSection
EndGlobal
