
Microsoft Visual Studio Solution File, Format Version 12.00
# Visual Studio Version 17
VisualStudioVersion = 17.5.33530.505
MinimumVisualStudioVersion = 10.0.40219.1
Project("{9A19103F-16F7-4668-BE54-9A1E7A4F7556}") = "Singleton", "Singleton\Singleton.csproj", "{35D954FA-CD39-48F1-B0E7-E6B4FAF96BA0}"
EndProject
Project("{9A19103F-16F7-4668-BE54-9A1E7A4F7556}") = "SingletonExample", "SingletonExample\SingletonExample.csproj", "{64E20D3E-135A-48F9-8D04-8B0686174D29}"
EndProject
Project("{9A19103F-16F7-4668-BE54-9A1E7A4F7556}") = "SingletonLazyInitialization", "SingletonLazyInitialization\SingletonLazyInitialization.csproj", "{3CEAE828-97F8-4B26-82B6-B0D851FA9D13}"
EndProject
Global
	GlobalSection(SolutionConfigurationPlatforms) = preSolution
		Debug|Any CPU = Debug|Any CPU
		Release|Any CPU = Release|Any CPU
	EndGlobalSection
	GlobalSection(ProjectConfigurationPlatforms) = postSolution
		{35D954FA-CD39-48F1-B0E7-E6B4FAF96BA0}.Debug|Any CPU.ActiveCfg = Debug|Any CPU
		{35D954FA-CD39-48F1-B0E7-E6B4FAF96BA0}.Debug|Any CPU.Build.0 = Debug|Any CPU
		{35D954FA-CD39-48F1-B0E7-E6B4FAF96BA0}.Release|Any CPU.ActiveCfg = Release|Any CPU
		{35D954FA-CD39-48F1-B0E7-E6B4FAF96BA0}.Release|Any CPU.Build.0 = Release|Any CPU
		{64E20D3E-135A-48F9-8D04-8B0686174D29}.Debug|Any CPU.ActiveCfg = Debug|Any CPU
		{64E20D3E-135A-48F9-8D04-8B0686174D29}.Debug|Any CPU.Build.0 = Debug|Any CPU
		{64E20D3E-135A-48F9-8D04-8B0686174D29}.Release|Any CPU.ActiveCfg = Release|Any CPU
		{64E20D3E-135A-48F9-8D04-8B0686174D29}.Release|Any CPU.Build.0 = Release|Any CPU
		{3CEAE828-97F8-4B26-82B6-B0D851FA9D13}.Debug|Any CPU.ActiveCfg = Debug|Any CPU
		{3CEAE828-97F8-4B26-82B6-B0D851FA9D13}.Debug|Any CPU.Build.0 = Debug|Any CPU
		{3CEAE828-97F8-4B26-82B6-B0D851FA9D13}.Release|Any CPU.ActiveCfg = Release|Any CPU
		{3CEAE828-97F8-4B26-82B6-B0D851FA9D13}.Release|Any CPU.Build.0 = Release|Any CPU
	EndGlobalSection
	GlobalSection(SolutionProperties) = preSolution
		HideSolutionNode = FALSE
	EndGlobalSection
	GlobalSection(ExtensibilityGlobals) = postSolution
		SolutionGuid = {89737EFF-B41D-4654-9389-553499815864}
	EndGlobalSection
EndGlobal
