
Microsoft Visual Studio Solution File, Format Version 12.00
# Visual Studio Version 17
VisualStudioVersion = 17.13.35919.96 d17.13
MinimumVisualStudioVersion = 10.0.40219.1
Project("{FAE04EC0-301F-11D3-BF4B-00C04F79EFBC}") = "RelativeBindingApp", "RelativeBindingApp\RelativeBindingApp.csproj", "{E4985801-BF7D-4AC5-B311-42EF4E2DBFE7}"
EndProject
Global
	GlobalSection(SolutionConfigurationPlatforms) = preSolution
		Debug|Any CPU = Debug|Any CPU
		Release|Any CPU = Release|Any CPU
	EndGlobalSection
	GlobalSection(ProjectConfigurationPlatforms) = postSolution
		{E4985801-BF7D-4AC5-B311-42EF4E2DBFE7}.Debug|Any CPU.ActiveCfg = Debug|Any CPU
		{E4985801-BF7D-4AC5-B311-42EF4E2DBFE7}.Debug|Any CPU.Build.0 = Debug|Any CPU
		{E4985801-BF7D-4AC5-B311-42EF4E2DBFE7}.Release|Any CPU.ActiveCfg = Release|Any CPU
		{E4985801-BF7D-4AC5-B311-42EF4E2DBFE7}.Release|Any CPU.Build.0 = Release|Any CPU
	EndGlobalSection
	GlobalSection(SolutionProperties) = preSolution
		HideSolutionNode = FALSE
	EndGlobalSection
	GlobalSection(ExtensibilityGlobals) = postSolution
		SolutionGuid = {D4DC7A9C-F9D6-4A2F-B52B-36DF60B31D6F}
	EndGlobalSection
EndGlobal
