
Microsoft Visual Studio Solution File, Format Version 12.00
# Visual Studio Version 17
VisualStudioVersion = 17.13.35913.81 d17.13
MinimumVisualStudioVersion = 10.0.40219.1
Project("{FAE04EC0-301F-11D3-BF4B-00C04F79EFBC}") = "FormatBindingApp", "FormatBindingApp\FormatBindingApp.csproj", "{B052C5C7-87AE-4CDE-BCCA-113DF650FA3A}"
EndProject
Global
	GlobalSection(SolutionConfigurationPlatforms) = preSolution
		Debug|Any CPU = Debug|Any CPU
		Release|Any CPU = Release|Any CPU
	EndGlobalSection
	GlobalSection(ProjectConfigurationPlatforms) = postSolution
		{B052C5C7-87AE-4CDE-BCCA-113DF650FA3A}.Debug|Any CPU.ActiveCfg = Debug|Any CPU
		{B052C5C7-87AE-4CDE-BCCA-113DF650FA3A}.Debug|Any CPU.Build.0 = Debug|Any CPU
		{B052C5C7-87AE-4CDE-BCCA-113DF650FA3A}.Release|Any CPU.ActiveCfg = Release|Any CPU
		{B052C5C7-87AE-4CDE-BCCA-113DF650FA3A}.Release|Any CPU.Build.0 = Release|Any CPU
	EndGlobalSection
	GlobalSection(SolutionProperties) = preSolution
		HideSolutionNode = FALSE
	EndGlobalSection
	GlobalSection(ExtensibilityGlobals) = postSolution
		SolutionGuid = {BF0E8927-35C9-4F7C-BDDD-0DDF87EDA39C}
	EndGlobalSection
EndGlobal
