
Microsoft Visual Studio Solution File, Format Version 12.00
# Visual Studio Version 17
VisualStudioVersion = 17.5.33530.505
MinimumVisualStudioVersion = 10.0.40219.1
Project("{FAE04EC0-301F-11D3-BF4B-00C04F79EFBC}") = "SimpleFactory", "SimpleFactory\SimpleFactory.csproj", "{0AB02485-FCC5-49D8-A715-1DE7ACF1ECF5}"
EndProject
Global
	GlobalSection(SolutionConfigurationPlatforms) = preSolution
		Debug|Any CPU = Debug|Any CPU
		Release|Any CPU = Release|Any CPU
	EndGlobalSection
	GlobalSection(ProjectConfigurationPlatforms) = postSolution
		{0AB02485-FCC5-49D8-A715-1DE7ACF1ECF5}.Debug|Any CPU.ActiveCfg = Debug|Any CPU
		{0AB02485-FCC5-49D8-A715-1DE7ACF1ECF5}.Debug|Any CPU.Build.0 = Debug|Any CPU
		{0AB02485-FCC5-49D8-A715-1DE7ACF1ECF5}.Release|Any CPU.ActiveCfg = Release|Any CPU
		{0AB02485-FCC5-49D8-A715-1DE7ACF1ECF5}.Release|Any CPU.Build.0 = Release|Any CPU
	EndGlobalSection
	GlobalSection(SolutionProperties) = preSolution
		HideSolutionNode = FALSE
	EndGlobalSection
	GlobalSection(ExtensibilityGlobals) = postSolution
		SolutionGuid = {315709DC-923D-4B1D-8870-0DCFC3ECD631}
	EndGlobalSection
EndGlobal
