
Microsoft Visual Studio Solution File, Format Version 12.00
# Visual Studio Version 17
VisualStudioVersion = 17.5.33530.505
MinimumVisualStudioVersion = 10.0.40219.1
Project("{9A19103F-16F7-4668-BE54-9A1E7A4F7556}") = "Adapter", "Adapter\Adapter.csproj", "{89EBFF69-DBC2-42C3-AAB3-0A573B97CED8}"
EndProject
Global
	GlobalSection(SolutionConfigurationPlatforms) = preSolution
		Debug|Any CPU = Debug|Any CPU
		Release|Any CPU = Release|Any CPU
	EndGlobalSection
	GlobalSection(ProjectConfigurationPlatforms) = postSolution
		{89EBFF69-DBC2-42C3-AAB3-0A573B97CED8}.Debug|Any CPU.ActiveCfg = Debug|Any CPU
		{89EBFF69-DBC2-42C3-AAB3-0A573B97CED8}.Debug|Any CPU.Build.0 = Debug|Any CPU
		{89EBFF69-DBC2-42C3-AAB3-0A573B97CED8}.Release|Any CPU.ActiveCfg = Release|Any CPU
		{89EBFF69-DBC2-42C3-AAB3-0A573B97CED8}.Release|Any CPU.Build.0 = Release|Any CPU
	EndGlobalSection
	GlobalSection(SolutionProperties) = preSolution
		HideSolutionNode = FALSE
	EndGlobalSection
	GlobalSection(ExtensibilityGlobals) = postSolution
		SolutionGuid = {E7ADB549-1BAD-4751-9DE1-93B7DCD0AB19}
	EndGlobalSection
EndGlobal
