
Microsoft Visual Studio Solution File, Format Version 12.00
# Visual Studio Version 17
VisualStudioVersion = 17.14.36915.13 d17.14
MinimumVisualStudioVersion = 10.0.40219.1
Project("{FAE04EC0-301F-11D3-BF4B-00C04F79EFBC}") = "DataAnnotationsValidatorApp", "DataAnnotationsValidatorApp\DataAnnotationsValidatorApp.csproj", "{607E3FE1-1208-4821-8E34-81FA6C39E248}"
EndProject
Global
	GlobalSection(SolutionConfigurationPlatforms) = preSolution
		Debug|Any CPU = Debug|Any CPU
		Release|Any CPU = Release|Any CPU
	EndGlobalSection
	GlobalSection(ProjectConfigurationPlatforms) = postSolution
		{607E3FE1-1208-4821-8E34-81FA6C39E248}.Debug|Any CPU.ActiveCfg = Debug|Any CPU
		{607E3FE1-1208-4821-8E34-81FA6C39E248}.Debug|Any CPU.Build.0 = Debug|Any CPU
		{607E3FE1-1208-4821-8E34-81FA6C39E248}.Release|Any CPU.ActiveCfg = Release|Any CPU
		{607E3FE1-1208-4821-8E34-81FA6C39E248}.Release|Any CPU.Build.0 = Release|Any CPU
	EndGlobalSection
	GlobalSection(SolutionProperties) = preSolution
		HideSolutionNode = FALSE
	EndGlobalSection
	GlobalSection(ExtensibilityGlobals) = postSolution
		SolutionGuid = {90746302-A48F-4205-BAEA-641FB40EFCE1}
	EndGlobalSection
EndGlobal
