
Microsoft Visual Studio Solution File, Format Version 12.00
# Visual Studio Version 17
VisualStudioVersion = 17.4.33205.214
MinimumVisualStudioVersion = 10.0.40219.1
Project("{FAE04EC0-301F-11D3-BF4B-00C04F79EFBC}") = "Canvas", "Canvas\Canvas.csproj", "{D4116651-7DD5-43E9-B1DE-16DB0597647C}"
EndProject
Global
	GlobalSection(SolutionConfigurationPlatforms) = preSolution
		Debug|Any CPU = Debug|Any CPU
		Release|Any CPU = Release|Any CPU
	EndGlobalSection
	GlobalSection(ProjectConfigurationPlatforms) = postSolution
		{D4116651-7DD5-43E9-B1DE-16DB0597647C}.Debug|Any CPU.ActiveCfg = Debug|Any CPU
		{D4116651-7DD5-43E9-B1DE-16DB0597647C}.Debug|Any CPU.Build.0 = Debug|Any CPU
		{D4116651-7DD5-43E9-B1DE-16DB0597647C}.Release|Any CPU.ActiveCfg = Release|Any CPU
		{D4116651-7DD5-43E9-B1DE-16DB0597647C}.Release|Any CPU.Build.0 = Release|Any CPU
	EndGlobalSection
	GlobalSection(SolutionProperties) = preSolution
		HideSolutionNode = FALSE
	EndGlobalSection
	GlobalSection(ExtensibilityGlobals) = postSolution
		SolutionGuid = {1B3AC8B0-8003-4DEA-8C26-7F48F1F99C17}
	EndGlobalSection
EndGlobal
