
Microsoft Visual Studio Solution File, Format Version 12.00
# Visual Studio Version 17
VisualStudioVersion = 17.13.35919.96 d17.13
MinimumVisualStudioVersion = 10.0.40219.1
Project("{FAE04EC0-301F-11D3-BF4B-00C04F79EFBC}") = "TextCellApp", "TextCellApp\TextCellApp.csproj", "{EB62F7AD-541E-4EC3-B422-C697DB4819BB}"
EndProject
Global
	GlobalSection(SolutionConfigurationPlatforms) = preSolution
		Debug|Any CPU = Debug|Any CPU
		Release|Any CPU = Release|Any CPU
	EndGlobalSection
	GlobalSection(ProjectConfigurationPlatforms) = postSolution
		{EB62F7AD-541E-4EC3-B422-C697DB4819BB}.Debug|Any CPU.ActiveCfg = Debug|Any CPU
		{EB62F7AD-541E-4EC3-B422-C697DB4819BB}.Debug|Any CPU.Build.0 = Debug|Any CPU
		{EB62F7AD-541E-4EC3-B422-C697DB4819BB}.Release|Any CPU.ActiveCfg = Release|Any CPU
		{EB62F7AD-541E-4EC3-B422-C697DB4819BB}.Release|Any CPU.Build.0 = Release|Any CPU
	EndGlobalSection
	GlobalSection(SolutionProperties) = preSolution
		HideSolutionNode = FALSE
	EndGlobalSection
	GlobalSection(ExtensibilityGlobals) = postSolution
		SolutionGuid = {949DF532-6BA2-40BA-8176-94114592C234}
	EndGlobalSection
EndGlobal
