
Microsoft Visual Studio Solution File, Format Version 12.00
# Visual Studio Version 17
VisualStudioVersion = 17.13.35913.81 d17.13
MinimumVisualStudioVersion = 10.0.40219.1
Project("{FAE04EC0-301F-11D3-BF4B-00C04F79EFBC}") = "BindingModeApp", "BindingModeApp\BindingModeApp.csproj", "{17D148C8-818F-4D85-A16A-DF430B04A4CF}"
EndProject
Global
	GlobalSection(SolutionConfigurationPlatforms) = preSolution
		Debug|Any CPU = Debug|Any CPU
		Release|Any CPU = Release|Any CPU
	EndGlobalSection
	GlobalSection(ProjectConfigurationPlatforms) = postSolution
		{17D148C8-818F-4D85-A16A-DF430B04A4CF}.Debug|Any CPU.ActiveCfg = Debug|Any CPU
		{17D148C8-818F-4D85-A16A-DF430B04A4CF}.Debug|Any CPU.Build.0 = Debug|Any CPU
		{17D148C8-818F-4D85-A16A-DF430B04A4CF}.Release|Any CPU.ActiveCfg = Release|Any CPU
		{17D148C8-818F-4D85-A16A-DF430B04A4CF}.Release|Any CPU.Build.0 = Release|Any CPU
	EndGlobalSection
	GlobalSection(SolutionProperties) = preSolution
		HideSolutionNode = FALSE
	EndGlobalSection
	GlobalSection(ExtensibilityGlobals) = postSolution
		SolutionGuid = {E64E6964-E7B0-4DB0-9D41-D78375256C19}
	EndGlobalSection
EndGlobal
