
Microsoft Visual Studio Solution File, Format Version 12.00
# Visual Studio Version 17
VisualStudioVersion = 17.13.35825.156 d17.13
MinimumVisualStudioVersion = 10.0.40219.1
Project("{FAE04EC0-301F-11D3-BF4B-00C04F79EFBC}") = "BorderApp", "BorderApp\BorderApp.csproj", "{DEA2E334-3E7D-4A09-8C4B-0CFCD0A18573}"
EndProject
Global
	GlobalSection(SolutionConfigurationPlatforms) = preSolution
		Debug|Any CPU = Debug|Any CPU
		Release|Any CPU = Release|Any CPU
	EndGlobalSection
	GlobalSection(ProjectConfigurationPlatforms) = postSolution
		{DEA2E334-3E7D-4A09-8C4B-0CFCD0A18573}.Debug|Any CPU.ActiveCfg = Debug|Any CPU
		{DEA2E334-3E7D-4A09-8C4B-0CFCD0A18573}.Debug|Any CPU.Build.0 = Debug|Any CPU
		{DEA2E334-3E7D-4A09-8C4B-0CFCD0A18573}.Release|Any CPU.ActiveCfg = Release|Any CPU
		{DEA2E334-3E7D-4A09-8C4B-0CFCD0A18573}.Release|Any CPU.Build.0 = Release|Any CPU
	EndGlobalSection
	GlobalSection(SolutionProperties) = preSolution
		HideSolutionNode = FALSE
	EndGlobalSection
	GlobalSection(ExtensibilityGlobals) = postSolution
		SolutionGuid = {585E4F5F-819E-432E-81A5-B07F70D44560}
	EndGlobalSection
EndGlobal
