
Microsoft Visual Studio Solution File, Format Version 12.00
# Visual Studio Version 17
VisualStudioVersion = 17.14.36915.13 d17.14
MinimumVisualStudioVersion = 10.0.40219.1
Project("{FAE04EC0-301F-11D3-BF4B-00C04F79EFBC}") = "EditContextApp", "EditContextApp\EditContextApp.csproj", "{07F1F555-AB1A-4FC1-B51E-72203A21C1AB}"
EndProject
Global
	GlobalSection(SolutionConfigurationPlatforms) = preSolution
		Debug|Any CPU = Debug|Any CPU
		Release|Any CPU = Release|Any CPU
	EndGlobalSection
	GlobalSection(ProjectConfigurationPlatforms) = postSolution
		{07F1F555-AB1A-4FC1-B51E-72203A21C1AB}.Debug|Any CPU.ActiveCfg = Debug|Any CPU
		{07F1F555-AB1A-4FC1-B51E-72203A21C1AB}.Debug|Any CPU.Build.0 = Debug|Any CPU
		{07F1F555-AB1A-4FC1-B51E-72203A21C1AB}.Release|Any CPU.ActiveCfg = Release|Any CPU
		{07F1F555-AB1A-4FC1-B51E-72203A21C1AB}.Release|Any CPU.Build.0 = Release|Any CPU
	EndGlobalSection
	GlobalSection(SolutionProperties) = preSolution
		HideSolutionNode = FALSE
	EndGlobalSection
	GlobalSection(ExtensibilityGlobals) = postSolution
		SolutionGuid = {34E561DB-09B1-465A-AA18-6D8CDE6ED6B2}
	EndGlobalSection
EndGlobal
