
Microsoft Visual Studio Solution File, Format Version 12.00
# Visual Studio Version 17
VisualStudioVersion = 17.5.33530.505
MinimumVisualStudioVersion = 10.0.40219.1
Project("{FAE04EC0-301F-11D3-BF4B-00C04F79EFBC}") = "Attributes", "Attributes\Attributes.csproj", "{6B55B95C-1981-443E-88EF-CFBED2F58469}"
EndProject
Project("{FAE04EC0-301F-11D3-BF4B-00C04F79EFBC}") = "BsonClassMap", "BsonClassMap\BsonClassMap.csproj", "{3E0650F4-A59F-4161-AEF7-2D68BDA507C8}"
EndProject
Project("{FAE04EC0-301F-11D3-BF4B-00C04F79EFBC}") = "Conventions", "Conventions\Conventions.csproj", "{C155F464-5683-4415-AC40-3B411A81AA28}"
EndProject
Global
	GlobalSection(SolutionConfigurationPlatforms) = preSolution
		Debug|Any CPU = Debug|Any CPU
		Release|Any CPU = Release|Any CPU
	EndGlobalSection
	GlobalSection(ProjectConfigurationPlatforms) = postSolution
		{6B55B95C-1981-443E-88EF-CFBED2F58469}.Debug|Any CPU.ActiveCfg = Debug|Any CPU
		{6B55B95C-1981-443E-88EF-CFBED2F58469}.Debug|Any CPU.Build.0 = Debug|Any CPU
		{6B55B95C-1981-443E-88EF-CFBED2F58469}.Release|Any CPU.ActiveCfg = Release|Any CPU
		{6B55B95C-1981-443E-88EF-CFBED2F58469}.Release|Any CPU.Build.0 = Release|Any CPU
		{3E0650F4-A59F-4161-AEF7-2D68BDA507C8}.Debug|Any CPU.ActiveCfg = Debug|Any CPU
		{3E0650F4-A59F-4161-AEF7-2D68BDA507C8}.Debug|Any CPU.Build.0 = Debug|Any CPU
		{3E0650F4-A59F-4161-AEF7-2D68BDA507C8}.Release|Any CPU.ActiveCfg = Release|Any CPU
		{3E0650F4-A59F-4161-AEF7-2D68BDA507C8}.Release|Any CPU.Build.0 = Release|Any CPU
		{C155F464-5683-4415-AC40-3B411A81AA28}.Debug|Any CPU.ActiveCfg = Debug|Any CPU
		{C155F464-5683-4415-AC40-3B411A81AA28}.Debug|Any CPU.Build.0 = Debug|Any CPU
		{C155F464-5683-4415-AC40-3B411A81AA28}.Release|Any CPU.ActiveCfg = Release|Any CPU
		{C155F464-5683-4415-AC40-3B411A81AA28}.Release|Any CPU.Build.0 = Release|Any CPU
	EndGlobalSection
	GlobalSection(SolutionProperties) = preSolution
		HideSolutionNode = FALSE
	EndGlobalSection
	GlobalSection(ExtensibilityGlobals) = postSolution
		SolutionGuid = {B927598D-98DB-45D6-B4A8-48858C8E1052}
	EndGlobalSection
EndGlobal
