
Microsoft Visual Studio Solution File, Format Version 12.00
# Visual Studio Version 17
VisualStudioVersion = 17.13.35919.96 d17.13
MinimumVisualStudioVersion = 10.0.40219.1
Project("{FAE04EC0-301F-11D3-BF4B-00C04F79EFBC}") = "NavigationStackApp", "NavigationStackApp\NavigationStackApp.csproj", "{5566E591-AC4A-42B0-90F2-681E528D2327}"
EndProject
Global
	GlobalSection(SolutionConfigurationPlatforms) = preSolution
		Debug|Any CPU = Debug|Any CPU
		Release|Any CPU = Release|Any CPU
	EndGlobalSection
	GlobalSection(ProjectConfigurationPlatforms) = postSolution
		{5566E591-AC4A-42B0-90F2-681E528D2327}.Debug|Any CPU.ActiveCfg = Debug|Any CPU
		{5566E591-AC4A-42B0-90F2-681E528D2327}.Debug|Any CPU.Build.0 = Debug|Any CPU
		{5566E591-AC4A-42B0-90F2-681E528D2327}.Release|Any CPU.ActiveCfg = Release|Any CPU
		{5566E591-AC4A-42B0-90F2-681E528D2327}.Release|Any CPU.Build.0 = Release|Any CPU
	EndGlobalSection
	GlobalSection(SolutionProperties) = preSolution
		HideSolutionNode = FALSE
	EndGlobalSection
	GlobalSection(ExtensibilityGlobals) = postSolution
		SolutionGuid = {F642C5A8-9D5A-46C2-B13A-30CE10E9AF52}
	EndGlobalSection
EndGlobal
