
Microsoft Visual Studio Solution File, Format Version 12.00
# Visual Studio Version 17
VisualStudioVersion = 17.5.33530.505
MinimumVisualStudioVersion = 10.0.40219.1
Project("{9A19103F-16F7-4668-BE54-9A1E7A4F7556}") = "Bridge", "Bridge\Bridge.csproj", "{5043F0F2-30B6-4A79-A096-009FA7B3457D}"
EndProject
Project("{9A19103F-16F7-4668-BE54-9A1E7A4F7556}") = "Programmers", "Programmers\Programmers.csproj", "{3AA22450-F3C8-4987-8F2A-E61D7F3CB99B}"
EndProject
Global
	GlobalSection(SolutionConfigurationPlatforms) = preSolution
		Debug|Any CPU = Debug|Any CPU
		Release|Any CPU = Release|Any CPU
	EndGlobalSection
	GlobalSection(ProjectConfigurationPlatforms) = postSolution
		{5043F0F2-30B6-4A79-A096-009FA7B3457D}.Debug|Any CPU.ActiveCfg = Debug|Any CPU
		{5043F0F2-30B6-4A79-A096-009FA7B3457D}.Debug|Any CPU.Build.0 = Debug|Any CPU
		{5043F0F2-30B6-4A79-A096-009FA7B3457D}.Release|Any CPU.ActiveCfg = Release|Any CPU
		{5043F0F2-30B6-4A79-A096-009FA7B3457D}.Release|Any CPU.Build.0 = Release|Any CPU
		{3AA22450-F3C8-4987-8F2A-E61D7F3CB99B}.Debug|Any CPU.ActiveCfg = Debug|Any CPU
		{3AA22450-F3C8-4987-8F2A-E61D7F3CB99B}.Debug|Any CPU.Build.0 = Debug|Any CPU
		{3AA22450-F3C8-4987-8F2A-E61D7F3CB99B}.Release|Any CPU.ActiveCfg = Release|Any CPU
		{3AA22450-F3C8-4987-8F2A-E61D7F3CB99B}.Release|Any CPU.Build.0 = Release|Any CPU
	EndGlobalSection
	GlobalSection(SolutionProperties) = preSolution
		HideSolutionNode = FALSE
	EndGlobalSection
	GlobalSection(ExtensibilityGlobals) = postSolution
		SolutionGuid = {B996529E-9B01-45BF-96EA-9CD7DECC22F7}
	EndGlobalSection
EndGlobal
