
Microsoft Visual Studio Solution File, Format Version 12.00
# Visual Studio Version 17
VisualStudioVersion = 17.14.36811.4 d17.14
MinimumVisualStudioVersion = 10.0.40219.1
Project("{FAE04EC0-301F-11D3-BF4B-00C04F79EFBC}") = "CascadingValueApp", "CascadingValueApp\CascadingValueApp.csproj", "{F3DC5916-EC20-4A99-BE9D-C750F7A25064}"
EndProject
Global
	GlobalSection(SolutionConfigurationPlatforms) = preSolution
		Debug|Any CPU = Debug|Any CPU
		Release|Any CPU = Release|Any CPU
	EndGlobalSection
	GlobalSection(ProjectConfigurationPlatforms) = postSolution
		{F3DC5916-EC20-4A99-BE9D-C750F7A25064}.Debug|Any CPU.ActiveCfg = Debug|Any CPU
		{F3DC5916-EC20-4A99-BE9D-C750F7A25064}.Debug|Any CPU.Build.0 = Debug|Any CPU
		{F3DC5916-EC20-4A99-BE9D-C750F7A25064}.Release|Any CPU.ActiveCfg = Release|Any CPU
		{F3DC5916-EC20-4A99-BE9D-C750F7A25064}.Release|Any CPU.Build.0 = Release|Any CPU
	EndGlobalSection
	GlobalSection(SolutionProperties) = preSolution
		HideSolutionNode = FALSE
	EndGlobalSection
	GlobalSection(ExtensibilityGlobals) = postSolution
		SolutionGuid = {D342F0A0-98FA-4179-B618-67137D724CD3}
	EndGlobalSection
EndGlobal
