
Microsoft Visual Studio Solution File, Format Version 12.00
# Visual Studio Version 17
VisualStudioVersion = 17.13.35919.96 d17.13
MinimumVisualStudioVersion = 10.0.40219.1
Project("{FAE04EC0-301F-11D3-BF4B-00C04F79EFBC}") = "ListViewApp", "ListViewApp\ListViewApp.csproj", "{84279702-AE61-4F65-BB72-DA99DAD48734}"
EndProject
Global
	GlobalSection(SolutionConfigurationPlatforms) = preSolution
		Debug|Any CPU = Debug|Any CPU
		Release|Any CPU = Release|Any CPU
	EndGlobalSection
	GlobalSection(ProjectConfigurationPlatforms) = postSolution
		{84279702-AE61-4F65-BB72-DA99DAD48734}.Debug|Any CPU.ActiveCfg = Debug|Any CPU
		{84279702-AE61-4F65-BB72-DA99DAD48734}.Debug|Any CPU.Build.0 = Debug|Any CPU
		{84279702-AE61-4F65-BB72-DA99DAD48734}.Release|Any CPU.ActiveCfg = Release|Any CPU
		{84279702-AE61-4F65-BB72-DA99DAD48734}.Release|Any CPU.Build.0 = Release|Any CPU
	EndGlobalSection
	GlobalSection(SolutionProperties) = preSolution
		HideSolutionNode = FALSE
	EndGlobalSection
	GlobalSection(ExtensibilityGlobals) = postSolution
		SolutionGuid = {14717A12-2D9A-41DC-8C60-B55814140B12}
	EndGlobalSection
EndGlobal
