
Microsoft Visual Studio Solution File, Format Version 12.00
# Visual Studio Version 17
VisualStudioVersion = 17.13.35919.96 d17.13
MinimumVisualStudioVersion = 10.0.40219.1
Project("{FAE04EC0-301F-11D3-BF4B-00C04F79EFBC}") = "CollectionViewApp", "CollectionViewApp\CollectionViewApp.csproj", "{FA663080-D61A-41AE-99BC-478140D7C1CD}"
EndProject
Global
	GlobalSection(SolutionConfigurationPlatforms) = preSolution
		Debug|Any CPU = Debug|Any CPU
		Release|Any CPU = Release|Any CPU
	EndGlobalSection
	GlobalSection(ProjectConfigurationPlatforms) = postSolution
		{FA663080-D61A-41AE-99BC-478140D7C1CD}.Debug|Any CPU.ActiveCfg = Debug|Any CPU
		{FA663080-D61A-41AE-99BC-478140D7C1CD}.Debug|Any CPU.Build.0 = Debug|Any CPU
		{FA663080-D61A-41AE-99BC-478140D7C1CD}.Release|Any CPU.ActiveCfg = Release|Any CPU
		{FA663080-D61A-41AE-99BC-478140D7C1CD}.Release|Any CPU.Build.0 = Release|Any CPU
	EndGlobalSection
	GlobalSection(SolutionProperties) = preSolution
		HideSolutionNode = FALSE
	EndGlobalSection
	GlobalSection(ExtensibilityGlobals) = postSolution
		SolutionGuid = {96142240-6217-433E-8542-3B835684E84F}
	EndGlobalSection
EndGlobal
