
Microsoft Visual Studio Solution File, Format Version 12.00
# Visual Studio Version 17
VisualStudioVersion = 17.4.33205.214
MinimumVisualStudioVersion = 10.0.40219.1
Project("{FAE04EC0-301F-11D3-BF4B-00C04F79EFBC}") = "Formatting", "Formatting\Formatting.csproj", "{0BF0CAB2-0B27-48FD-BADF-888015233AE4}"
EndProject
Project("{FAE04EC0-301F-11D3-BF4B-00C04F79EFBC}") = "Converting", "Converting\Converting.csproj", "{2B0DEAFA-4BDE-4E56-9C08-8623AD9BEACA}"
EndProject
Global
	GlobalSection(SolutionConfigurationPlatforms) = preSolution
		Debug|Any CPU = Debug|Any CPU
		Release|Any CPU = Release|Any CPU
	EndGlobalSection
	GlobalSection(ProjectConfigurationPlatforms) = postSolution
		{0BF0CAB2-0B27-48FD-BADF-888015233AE4}.Debug|Any CPU.ActiveCfg = Debug|Any CPU
		{0BF0CAB2-0B27-48FD-BADF-888015233AE4}.Debug|Any CPU.Build.0 = Debug|Any CPU
		{0BF0CAB2-0B27-48FD-BADF-888015233AE4}.Release|Any CPU.ActiveCfg = Release|Any CPU
		{0BF0CAB2-0B27-48FD-BADF-888015233AE4}.Release|Any CPU.Build.0 = Release|Any CPU
		{2B0DEAFA-4BDE-4E56-9C08-8623AD9BEACA}.Debug|Any CPU.ActiveCfg = Debug|Any CPU
		{2B0DEAFA-4BDE-4E56-9C08-8623AD9BEACA}.Debug|Any CPU.Build.0 = Debug|Any CPU
		{2B0DEAFA-4BDE-4E56-9C08-8623AD9BEACA}.Release|Any CPU.ActiveCfg = Release|Any CPU
		{2B0DEAFA-4BDE-4E56-9C08-8623AD9BEACA}.Release|Any CPU.Build.0 = Release|Any CPU
	EndGlobalSection
	GlobalSection(SolutionProperties) = preSolution
		HideSolutionNode = FALSE
	EndGlobalSection
	GlobalSection(ExtensibilityGlobals) = postSolution
		SolutionGuid = {7B929A94-944A-41A6-8A12-69B0B5C46BFF}
	EndGlobalSection
EndGlobal
