
Microsoft Visual Studio Solution File, Format Version 12.00
# Visual Studio Version 17
VisualStudioVersion = 17.4.33205.214
MinimumVisualStudioVersion = 10.0.40219.1
Project("{FAE04EC0-301F-11D3-BF4B-00C04F79EFBC}") = "Transformations", "Transformations\Transformations.csproj", "{FC8D07E4-6828-4298-8F4F-CC92977BF525}"
EndProject
Project("{FAE04EC0-301F-11D3-BF4B-00C04F79EFBC}") = "Animation", "Animation\Animation.csproj", "{4E244001-3967-4F9B-9C3C-4C58042E44D0}"
EndProject
Global
	GlobalSection(SolutionConfigurationPlatforms) = preSolution
		Debug|Any CPU = Debug|Any CPU
		Release|Any CPU = Release|Any CPU
	EndGlobalSection
	GlobalSection(ProjectConfigurationPlatforms) = postSolution
		{FC8D07E4-6828-4298-8F4F-CC92977BF525}.Debug|Any CPU.ActiveCfg = Debug|Any CPU
		{FC8D07E4-6828-4298-8F4F-CC92977BF525}.Debug|Any CPU.Build.0 = Debug|Any CPU
		{FC8D07E4-6828-4298-8F4F-CC92977BF525}.Release|Any CPU.ActiveCfg = Release|Any CPU
		{FC8D07E4-6828-4298-8F4F-CC92977BF525}.Release|Any CPU.Build.0 = Release|Any CPU
		{4E244001-3967-4F9B-9C3C-4C58042E44D0}.Debug|Any CPU.ActiveCfg = Debug|Any CPU
		{4E244001-3967-4F9B-9C3C-4C58042E44D0}.Debug|Any CPU.Build.0 = Debug|Any CPU
		{4E244001-3967-4F9B-9C3C-4C58042E44D0}.Release|Any CPU.ActiveCfg = Release|Any CPU
		{4E244001-3967-4F9B-9C3C-4C58042E44D0}.Release|Any CPU.Build.0 = Release|Any CPU
	EndGlobalSection
	GlobalSection(SolutionProperties) = preSolution
		HideSolutionNode = FALSE
	EndGlobalSection
	GlobalSection(ExtensibilityGlobals) = postSolution
		SolutionGuid = {32948F3F-FD9C-466D-BC14-57CB8C90BFAC}
	EndGlobalSection
EndGlobal
