
Microsoft Visual Studio Solution File, Format Version 12.00
# Visual Studio Version 17
VisualStudioVersion = 17.13.35825.156 d17.13
MinimumVisualStudioVersion = 10.0.40219.1
Project("{FAE04EC0-301F-11D3-BF4B-00C04F79EFBC}") = "TableViewApp", "TableViewApp\TableViewApp.csproj", "{ABF75318-0044-4DBF-8664-817C64590A49}"
EndProject
Global
	GlobalSection(SolutionConfigurationPlatforms) = preSolution
		Debug|Any CPU = Debug|Any CPU
		Release|Any CPU = Release|Any CPU
	EndGlobalSection
	GlobalSection(ProjectConfigurationPlatforms) = postSolution
		{ABF75318-0044-4DBF-8664-817C64590A49}.Debug|Any CPU.ActiveCfg = Debug|Any CPU
		{ABF75318-0044-4DBF-8664-817C64590A49}.Debug|Any CPU.Build.0 = Debug|Any CPU
		{ABF75318-0044-4DBF-8664-817C64590A49}.Release|Any CPU.ActiveCfg = Release|Any CPU
		{ABF75318-0044-4DBF-8664-817C64590A49}.Release|Any CPU.Build.0 = Release|Any CPU
	EndGlobalSection
	GlobalSection(SolutionProperties) = preSolution
		HideSolutionNode = FALSE
	EndGlobalSection
	GlobalSection(ExtensibilityGlobals) = postSolution
		SolutionGuid = {D8335597-8419-4710-AEE5-D872A9C1F1D7}
	EndGlobalSection
EndGlobal
