
Microsoft Visual Studio Solution File, Format Version 12.00
# Visual Studio Version 17
VisualStudioVersion = 17.5.33502.453
MinimumVisualStudioVersion = 10.0.40219.1
Project("{9A19103F-16F7-4668-BE54-9A1E7A4F7556}") = "ReplaceOneAsync", "ReplaceOneAsync\ReplaceOneAsync.csproj", "{07149AF3-C9C4-4426-B48B-187468CF730E}"
EndProject
Project("{9A19103F-16F7-4668-BE54-9A1E7A4F7556}") = "UpdateOneAsync", "UpdateOneAsync\UpdateOneAsync.csproj", "{3021B89C-4D1B-441D-A154-FAA5E8BB5B36}"
EndProject
Project("{9A19103F-16F7-4668-BE54-9A1E7A4F7556}") = "UpdateManyAsync", "UpdateManyAsync\UpdateManyAsync.csproj", "{A1BEE9C1-A393-48EC-B876-A862FDDF1C83}"
EndProject
Project("{9A19103F-16F7-4668-BE54-9A1E7A4F7556}") = "FindOneAndReplaceAsync", "FindOneAndReplaceAsync\FindOneAndReplaceAsync.csproj", "{F677668E-D138-4712-A7FC-0081F426DCF9}"
EndProject
Project("{9A19103F-16F7-4668-BE54-9A1E7A4F7556}") = "FindOneAndUpdateAsync", "FindOneAndUpdateAsync\FindOneAndUpdateAsync.csproj", "{6D962604-42D8-46C1-8AA1-2DCA890BA12B}"
EndProject
Global
	GlobalSection(SolutionConfigurationPlatforms) = preSolution
		Debug|Any CPU = Debug|Any CPU
		Release|Any CPU = Release|Any CPU
	EndGlobalSection
	GlobalSection(ProjectConfigurationPlatforms) = postSolution
		{07149AF3-C9C4-4426-B48B-187468CF730E}.Debug|Any CPU.ActiveCfg = Debug|Any CPU
		{07149AF3-C9C4-4426-B48B-187468CF730E}.Debug|Any CPU.Build.0 = Debug|Any CPU
		{07149AF3-C9C4-4426-B48B-187468CF730E}.Release|Any CPU.ActiveCfg = Release|Any CPU
		{07149AF3-C9C4-4426-B48B-187468CF730E}.Release|Any CPU.Build.0 = Release|Any CPU
		{3021B89C-4D1B-441D-A154-FAA5E8BB5B36}.Debug|Any CPU.ActiveCfg = Debug|Any CPU
		{3021B89C-4D1B-441D-A154-FAA5E8BB5B36}.Debug|Any CPU.Build.0 = Debug|Any CPU
		{3021B89C-4D1B-441D-A154-FAA5E8BB5B36}.Release|Any CPU.ActiveCfg = Release|Any CPU
		{3021B89C-4D1B-441D-A154-FAA5E8BB5B36}.Release|Any CPU.Build.0 = Release|Any CPU
		{A1BEE9C1-A393-48EC-B876-A862FDDF1C83}.Debug|Any CPU.ActiveCfg = Debug|Any CPU
		{A1BEE9C1-A393-48EC-B876-A862FDDF1C83}.Debug|Any CPU.Build.0 = Debug|Any CPU
		{A1BEE9C1-A393-48EC-B876-A862FDDF1C83}.Release|Any CPU.ActiveCfg = Release|Any CPU
		{A1BEE9C1-A393-48EC-B876-A862FDDF1C83}.Release|Any CPU.Build.0 = Release|Any CPU
		{F677668E-D138-4712-A7FC-0081F426DCF9}.Debug|Any CPU.ActiveCfg = Debug|Any CPU
		{F677668E-D138-4712-A7FC-0081F426DCF9}.Debug|Any CPU.Build.0 = Debug|Any CPU
		{F677668E-D138-4712-A7FC-0081F426DCF9}.Release|Any CPU.ActiveCfg = Release|Any CPU
		{F677668E-D138-4712-A7FC-0081F426DCF9}.Release|Any CPU.Build.0 = Release|Any CPU
		{6D962604-42D8-46C1-8AA1-2DCA890BA12B}.Debug|Any CPU.ActiveCfg = Debug|Any CPU
		{6D962604-42D8-46C1-8AA1-2DCA890BA12B}.Debug|Any CPU.Build.0 = Debug|Any CPU
		{6D962604-42D8-46C1-8AA1-2DCA890BA12B}.Release|Any CPU.ActiveCfg = Release|Any CPU
		{6D962604-42D8-46C1-8AA1-2DCA890BA12B}.Release|Any CPU.Build.0 = Release|Any CPU
	EndGlobalSection
	GlobalSection(SolutionProperties) = preSolution
		HideSolutionNode = FALSE
	EndGlobalSection
	GlobalSection(ExtensibilityGlobals) = postSolution
		SolutionGuid = {1BA87C11-E728-434A-847C-20B85688CD09}
	EndGlobalSection
EndGlobal
