
Microsoft Visual Studio Solution File, Format Version 12.00
# Visual Studio Version 17
VisualStudioVersion = 17.5.33530.505
MinimumVisualStudioVersion = 10.0.40219.1
Project("{FAE04EC0-301F-11D3-BF4B-00C04F79EFBC}") = "DataModels", "DataModels\DataModels.csproj", "{AC36ABD8-2405-45FF-B745-422E1B56DC77}"
EndProject
Global
	GlobalSection(SolutionConfigurationPlatforms) = preSolution
		Debug|Any CPU = Debug|Any CPU
		Release|Any CPU = Release|Any CPU
	EndGlobalSection
	GlobalSection(ProjectConfigurationPlatforms) = postSolution
		{AC36ABD8-2405-45FF-B745-422E1B56DC77}.Debug|Any CPU.ActiveCfg = Debug|Any CPU
		{AC36ABD8-2405-45FF-B745-422E1B56DC77}.Debug|Any CPU.Build.0 = Debug|Any CPU
		{AC36ABD8-2405-45FF-B745-422E1B56DC77}.Release|Any CPU.ActiveCfg = Release|Any CPU
		{AC36ABD8-2405-45FF-B745-422E1B56DC77}.Release|Any CPU.Build.0 = Release|Any CPU
	EndGlobalSection
	GlobalSection(SolutionProperties) = preSolution
		HideSolutionNode = FALSE
	EndGlobalSection
	GlobalSection(ExtensibilityGlobals) = postSolution
		SolutionGuid = {CD9391AC-1B03-41E4-B714-38403377CEDA}
	EndGlobalSection
EndGlobal
