
Microsoft Visual Studio Solution File, Format Version 12.00
# Visual Studio Version 17
VisualStudioVersion = 17.4.33205.214
MinimumVisualStudioVersion = 10.0.40219.1
Project("{FAE04EC0-301F-11D3-BF4B-00C04F79EFBC}") = "WindowLifecycle", "WindowLifecycle\WindowLifecycle.csproj", "{A9E5AD46-84D1-4E22-A2C8-2C5F3EFFC255}"
EndProject
Global
	GlobalSection(SolutionConfigurationPlatforms) = preSolution
		Debug|Any CPU = Debug|Any CPU
		Release|Any CPU = Release|Any CPU
	EndGlobalSection
	GlobalSection(ProjectConfigurationPlatforms) = postSolution
		{A9E5AD46-84D1-4E22-A2C8-2C5F3EFFC255}.Debug|Any CPU.ActiveCfg = Debug|Any CPU
		{A9E5AD46-84D1-4E22-A2C8-2C5F3EFFC255}.Debug|Any CPU.Build.0 = Debug|Any CPU
		{A9E5AD46-84D1-4E22-A2C8-2C5F3EFFC255}.Release|Any CPU.ActiveCfg = Release|Any CPU
		{A9E5AD46-84D1-4E22-A2C8-2C5F3EFFC255}.Release|Any CPU.Build.0 = Release|Any CPU
	EndGlobalSection
	GlobalSection(SolutionProperties) = preSolution
		HideSolutionNode = FALSE
	EndGlobalSection
	GlobalSection(ExtensibilityGlobals) = postSolution
		SolutionGuid = {99027E71-1EE2-4CCC-AD8F-CE213D880C63}
	EndGlobalSection
EndGlobal
