
Microsoft Visual Studio Solution File, Format Version 12.00
# Visual Studio Version 17
VisualStudioVersion = 17.4.33205.214
MinimumVisualStudioVersion = 10.0.40219.1
Project("{FAE04EC0-301F-11D3-BF4B-00C04F79EFBC}") = "CustomProperties", "CustomProperties\CustomProperties.csproj", "{3721A726-E779-4495-8E0E-E2EFB2B34D17}"
EndProject
Global
	GlobalSection(SolutionConfigurationPlatforms) = preSolution
		Debug|Any CPU = Debug|Any CPU
		Release|Any CPU = Release|Any CPU
	EndGlobalSection
	GlobalSection(ProjectConfigurationPlatforms) = postSolution
		{3721A726-E779-4495-8E0E-E2EFB2B34D17}.Debug|Any CPU.ActiveCfg = Debug|Any CPU
		{3721A726-E779-4495-8E0E-E2EFB2B34D17}.Debug|Any CPU.Build.0 = Debug|Any CPU
		{3721A726-E779-4495-8E0E-E2EFB2B34D17}.Release|Any CPU.ActiveCfg = Release|Any CPU
		{3721A726-E779-4495-8E0E-E2EFB2B34D17}.Release|Any CPU.Build.0 = Release|Any CPU
	EndGlobalSection
	GlobalSection(SolutionProperties) = preSolution
		HideSolutionNode = FALSE
	EndGlobalSection
	GlobalSection(ExtensibilityGlobals) = postSolution
		SolutionGuid = {076BF8A7-DEF6-46FD-AF72-D1EF7A717230}
	EndGlobalSection
EndGlobal
