
Microsoft Visual Studio Solution File, Format Version 12.00
# Visual Studio Version 17
VisualStudioVersion = 17.13.35919.96 d17.13
MinimumVisualStudioVersion = 10.0.40219.1
Project("{FAE04EC0-301F-11D3-BF4B-00C04F79EFBC}") = "ObservableCollectionApp", "ObservableCollectionApp\ObservableCollectionApp.csproj", "{D0F96EF7-DB34-4331-8DD6-5184FC64BA7E}"
EndProject
Global
	GlobalSection(SolutionConfigurationPlatforms) = preSolution
		Debug|Any CPU = Debug|Any CPU
		Release|Any CPU = Release|Any CPU
	EndGlobalSection
	GlobalSection(ProjectConfigurationPlatforms) = postSolution
		{D0F96EF7-DB34-4331-8DD6-5184FC64BA7E}.Debug|Any CPU.ActiveCfg = Debug|Any CPU
		{D0F96EF7-DB34-4331-8DD6-5184FC64BA7E}.Debug|Any CPU.Build.0 = Debug|Any CPU
		{D0F96EF7-DB34-4331-8DD6-5184FC64BA7E}.Release|Any CPU.ActiveCfg = Release|Any CPU
		{D0F96EF7-DB34-4331-8DD6-5184FC64BA7E}.Release|Any CPU.Build.0 = Release|Any CPU
	EndGlobalSection
	GlobalSection(SolutionProperties) = preSolution
		HideSolutionNode = FALSE
	EndGlobalSection
	GlobalSection(ExtensibilityGlobals) = postSolution
		SolutionGuid = {D349B174-7251-4C5B-81E3-FD83C3262B36}
	EndGlobalSection
EndGlobal
