
Microsoft Visual Studio Solution File, Format Version 12.00
# Visual Studio Version 17
VisualStudioVersion = 17.5.33530.505
MinimumVisualStudioVersion = 10.0.40219.1
Project("{9A19103F-16F7-4668-BE54-9A1E7A4F7556}") = "Documents", "Documents\Documents.csproj", "{49AF9062-8316-454A-A8EA-EC4E9B856E01}"
EndProject
Project("{9A19103F-16F7-4668-BE54-9A1E7A4F7556}") = "Elements", "Elements\Elements.csproj", "{94EC5FC7-EF7A-4965-9B2C-46572BE0C059}"
EndProject
Global
	GlobalSection(SolutionConfigurationPlatforms) = preSolution
		Debug|Any CPU = Debug|Any CPU
		Release|Any CPU = Release|Any CPU
	EndGlobalSection
	GlobalSection(ProjectConfigurationPlatforms) = postSolution
		{49AF9062-8316-454A-A8EA-EC4E9B856E01}.Debug|Any CPU.ActiveCfg = Debug|Any CPU
		{49AF9062-8316-454A-A8EA-EC4E9B856E01}.Debug|Any CPU.Build.0 = Debug|Any CPU
		{49AF9062-8316-454A-A8EA-EC4E9B856E01}.Release|Any CPU.ActiveCfg = Release|Any CPU
		{49AF9062-8316-454A-A8EA-EC4E9B856E01}.Release|Any CPU.Build.0 = Release|Any CPU
		{94EC5FC7-EF7A-4965-9B2C-46572BE0C059}.Debug|Any CPU.ActiveCfg = Debug|Any CPU
		{94EC5FC7-EF7A-4965-9B2C-46572BE0C059}.Debug|Any CPU.Build.0 = Debug|Any CPU
		{94EC5FC7-EF7A-4965-9B2C-46572BE0C059}.Release|Any CPU.ActiveCfg = Release|Any CPU
		{94EC5FC7-EF7A-4965-9B2C-46572BE0C059}.Release|Any CPU.Build.0 = Release|Any CPU
	EndGlobalSection
	GlobalSection(SolutionProperties) = preSolution
		HideSolutionNode = FALSE
	EndGlobalSection
	GlobalSection(ExtensibilityGlobals) = postSolution
		SolutionGuid = {A290180C-B89F-4690-88A6-5D52C88688AF}
	EndGlobalSection
EndGlobal
