
Microsoft Visual Studio Solution File, Format Version 12.00
# Visual Studio Version 17
VisualStudioVersion = 17.5.33530.505
MinimumVisualStudioVersion = 10.0.40219.1
Project("{FAE04EC0-301F-11D3-BF4B-00C04F79EFBC}") = "Projection", "Projection\Projection.csproj", "{50AF382D-7DAF-48B1-81D2-31806680EC2A}"
EndProject
Global
	GlobalSection(SolutionConfigurationPlatforms) = preSolution
		Debug|Any CPU = Debug|Any CPU
		Release|Any CPU = Release|Any CPU
	EndGlobalSection
	GlobalSection(ProjectConfigurationPlatforms) = postSolution
		{50AF382D-7DAF-48B1-81D2-31806680EC2A}.Debug|Any CPU.ActiveCfg = Debug|Any CPU
		{50AF382D-7DAF-48B1-81D2-31806680EC2A}.Debug|Any CPU.Build.0 = Debug|Any CPU
		{50AF382D-7DAF-48B1-81D2-31806680EC2A}.Release|Any CPU.ActiveCfg = Release|Any CPU
		{50AF382D-7DAF-48B1-81D2-31806680EC2A}.Release|Any CPU.Build.0 = Release|Any CPU
	EndGlobalSection
	GlobalSection(SolutionProperties) = preSolution
		HideSolutionNode = FALSE
	EndGlobalSection
	GlobalSection(ExtensibilityGlobals) = postSolution
		SolutionGuid = {0BF4BBA7-76F4-479F-8272-2216592CCB36}
	EndGlobalSection
EndGlobal
