
Microsoft Visual Studio Solution File, Format Version 12.00
# Visual Studio Version 17
VisualStudioVersion = 17.13.35825.156 d17.13
MinimumVisualStudioVersion = 10.0.40219.1
Project("{FAE04EC0-301F-11D3-BF4B-00C04F79EFBC}") = "ProgressIndicatorApp", "ProgressIndicatorApp\ProgressIndicatorApp.csproj", "{A7432DD7-3641-42C5-BF55-03C24D081D77}"
EndProject
Global
	GlobalSection(SolutionConfigurationPlatforms) = preSolution
		Debug|Any CPU = Debug|Any CPU
		Release|Any CPU = Release|Any CPU
	EndGlobalSection
	GlobalSection(ProjectConfigurationPlatforms) = postSolution
		{A7432DD7-3641-42C5-BF55-03C24D081D77}.Debug|Any CPU.ActiveCfg = Debug|Any CPU
		{A7432DD7-3641-42C5-BF55-03C24D081D77}.Debug|Any CPU.Build.0 = Debug|Any CPU
		{A7432DD7-3641-42C5-BF55-03C24D081D77}.Release|Any CPU.ActiveCfg = Release|Any CPU
		{A7432DD7-3641-42C5-BF55-03C24D081D77}.Release|Any CPU.Build.0 = Release|Any CPU
	EndGlobalSection
	GlobalSection(SolutionProperties) = preSolution
		HideSolutionNode = FALSE
	EndGlobalSection
	GlobalSection(ExtensibilityGlobals) = postSolution
		SolutionGuid = {68ED18BD-7B1C-4E41-8F56-10BAA276AC81}
	EndGlobalSection
EndGlobal
