
Microsoft Visual Studio Solution File, Format Version 12.00
# Visual Studio Version 17
VisualStudioVersion = 17.5.33424.131
MinimumVisualStudioVersion = 10.0.40219.1
Project("{FAE04EC0-301F-11D3-BF4B-00C04F79EFBC}") = "8-Ball", "8-Ball\8-Ball.csproj", "{BE9BB8FE-3B2F-463D-9B37-92C8B5625454}"
EndProject
Global
	GlobalSection(SolutionConfigurationPlatforms) = preSolution
		Debug|Any CPU = Debug|Any CPU
		Release|Any CPU = Release|Any CPU
	EndGlobalSection
	GlobalSection(ProjectConfigurationPlatforms) = postSolution
		{BE9BB8FE-3B2F-463D-9B37-92C8B5625454}.Debug|Any CPU.ActiveCfg = Debug|Any CPU
		{BE9BB8FE-3B2F-463D-9B37-92C8B5625454}.Debug|Any CPU.Build.0 = Debug|Any CPU
		{BE9BB8FE-3B2F-463D-9B37-92C8B5625454}.Release|Any CPU.ActiveCfg = Release|Any CPU
		{BE9BB8FE-3B2F-463D-9B37-92C8B5625454}.Release|Any CPU.Build.0 = Release|Any CPU
	EndGlobalSection
	GlobalSection(SolutionProperties) = preSolution
		HideSolutionNode = FALSE
	EndGlobalSection
	GlobalSection(ExtensibilityGlobals) = postSolution
		SolutionGuid = {AE7D7DA8-E302-42AD-905C-97E4BEE31D7C}
	EndGlobalSection
EndGlobal
