
Microsoft Visual Studio Solution File, Format Version 12.00
# Visual Studio Version 17
VisualStudioVersion = 17.4.33205.214
MinimumVisualStudioVersion = 10.0.40219.1
Project("{FAE04EC0-301F-11D3-BF4B-00C04F79EFBC}") = "AnimationEase", "AnimationEase\AnimationEase.csproj", "{2CF7534F-1B68-4558-8F36-DF52503DA087}"
EndProject
Project("{FAE04EC0-301F-11D3-BF4B-00C04F79EFBC}") = "CustomAnimationFunction", "CustomAnimationFunction\CustomAnimationFunction.csproj", "{8FC93FB3-09F7-4D71-B9EF-023284ACCC07}"
EndProject
Global
	GlobalSection(SolutionConfigurationPlatforms) = preSolution
		Debug|Any CPU = Debug|Any CPU
		Release|Any CPU = Release|Any CPU
	EndGlobalSection
	GlobalSection(ProjectConfigurationPlatforms) = postSolution
		{2CF7534F-1B68-4558-8F36-DF52503DA087}.Debug|Any CPU.ActiveCfg = Debug|Any CPU
		{2CF7534F-1B68-4558-8F36-DF52503DA087}.Debug|Any CPU.Build.0 = Debug|Any CPU
		{2CF7534F-1B68-4558-8F36-DF52503DA087}.Release|Any CPU.ActiveCfg = Release|Any CPU
		{2CF7534F-1B68-4558-8F36-DF52503DA087}.Release|Any CPU.Build.0 = Release|Any CPU
		{8FC93FB3-09F7-4D71-B9EF-023284ACCC07}.Debug|Any CPU.ActiveCfg = Debug|Any CPU
		{8FC93FB3-09F7-4D71-B9EF-023284ACCC07}.Debug|Any CPU.Build.0 = Debug|Any CPU
		{8FC93FB3-09F7-4D71-B9EF-023284ACCC07}.Release|Any CPU.ActiveCfg = Release|Any CPU
		{8FC93FB3-09F7-4D71-B9EF-023284ACCC07}.Release|Any CPU.Build.0 = Release|Any CPU
	EndGlobalSection
	GlobalSection(SolutionProperties) = preSolution
		HideSolutionNode = FALSE
	EndGlobalSection
	GlobalSection(ExtensibilityGlobals) = postSolution
		SolutionGuid = {93D466EB-9584-46CF-8BC7-D3FE4B9C5B0C}
	EndGlobalSection
EndGlobal
