
Microsoft Visual Studio Solution File, Format Version 12.00
# Visual Studio Version 17
VisualStudioVersion = 17.4.33205.214
MinimumVisualStudioVersion = 10.0.40219.1
Project("{FAE04EC0-301F-11D3-BF4B-00C04F79EFBC}") = "RichTextBox", "RichTextBox\RichTextBox.csproj", "{227E09A5-8BAA-431B-8C40-8249E7A1B4DE}"
EndProject
Global
	GlobalSection(SolutionConfigurationPlatforms) = preSolution
		Debug|Any CPU = Debug|Any CPU
		Release|Any CPU = Release|Any CPU
	EndGlobalSection
	GlobalSection(ProjectConfigurationPlatforms) = postSolution
		{227E09A5-8BAA-431B-8C40-8249E7A1B4DE}.Debug|Any CPU.ActiveCfg = Debug|Any CPU
		{227E09A5-8BAA-431B-8C40-8249E7A1B4DE}.Debug|Any CPU.Build.0 = Debug|Any CPU
		{227E09A5-8BAA-431B-8C40-8249E7A1B4DE}.Release|Any CPU.ActiveCfg = Release|Any CPU
		{227E09A5-8BAA-431B-8C40-8249E7A1B4DE}.Release|Any CPU.Build.0 = Release|Any CPU
	EndGlobalSection
	GlobalSection(SolutionProperties) = preSolution
		HideSolutionNode = FALSE
	EndGlobalSection
	GlobalSection(ExtensibilityGlobals) = postSolution
		SolutionGuid = {2505D19F-B8F5-40DC-9DB5-72D80B2D0187}
	EndGlobalSection
EndGlobal
