
Microsoft Visual Studio Solution File, Format Version 12.00
# Visual Studio Version 17
VisualStudioVersion = 17.5.33502.453
MinimumVisualStudioVersion = 10.0.40219.1
Project("{FAE04EC0-301F-11D3-BF4B-00C04F79EFBC}") = "DeleteDocuments", "DeleteDocuments\DeleteDocuments.csproj", "{DFAB7A09-75B6-4C86-B9BC-74BBDA7118B1}"
EndProject
Global
	GlobalSection(SolutionConfigurationPlatforms) = preSolution
		Debug|Any CPU = Debug|Any CPU
		Release|Any CPU = Release|Any CPU
	EndGlobalSection
	GlobalSection(ProjectConfigurationPlatforms) = postSolution
		{DFAB7A09-75B6-4C86-B9BC-74BBDA7118B1}.Debug|Any CPU.ActiveCfg = Debug|Any CPU
		{DFAB7A09-75B6-4C86-B9BC-74BBDA7118B1}.Debug|Any CPU.Build.0 = Debug|Any CPU
		{DFAB7A09-75B6-4C86-B9BC-74BBDA7118B1}.Release|Any CPU.ActiveCfg = Release|Any CPU
		{DFAB7A09-75B6-4C86-B9BC-74BBDA7118B1}.Release|Any CPU.Build.0 = Release|Any CPU
	EndGlobalSection
	GlobalSection(SolutionProperties) = preSolution
		HideSolutionNode = FALSE
	EndGlobalSection
	GlobalSection(ExtensibilityGlobals) = postSolution
		SolutionGuid = {B459D859-5B25-4574-BE7D-DEF82D74565D}
	EndGlobalSection
EndGlobal
