
Microsoft Visual Studio Solution File, Format Version 12.00
# Visual Studio Version 17
VisualStudioVersion = 17.4.33205.214
MinimumVisualStudioVersion = 10.0.40219.1
Project("{FAE04EC0-301F-11D3-BF4B-00C04F79EFBC}") = "ItemsPanel", "ItemsPanel\ItemsPanel.csproj", "{24FEE0D2-857B-4E1A-BB9E-70C634BABD10}"
EndProject
Global
	GlobalSection(SolutionConfigurationPlatforms) = preSolution
		Debug|Any CPU = Debug|Any CPU
		Release|Any CPU = Release|Any CPU
	EndGlobalSection
	GlobalSection(ProjectConfigurationPlatforms) = postSolution
		{24FEE0D2-857B-4E1A-BB9E-70C634BABD10}.Debug|Any CPU.ActiveCfg = Debug|Any CPU
		{24FEE0D2-857B-4E1A-BB9E-70C634BABD10}.Debug|Any CPU.Build.0 = Debug|Any CPU
		{24FEE0D2-857B-4E1A-BB9E-70C634BABD10}.Release|Any CPU.ActiveCfg = Release|Any CPU
		{24FEE0D2-857B-4E1A-BB9E-70C634BABD10}.Release|Any CPU.Build.0 = Release|Any CPU
	EndGlobalSection
	GlobalSection(SolutionProperties) = preSolution
		HideSolutionNode = FALSE
	EndGlobalSection
	GlobalSection(ExtensibilityGlobals) = postSolution
		SolutionGuid = {E05C6D9A-2362-423F-831C-2117FA87884F}
	EndGlobalSection
EndGlobal
