
Microsoft Visual Studio Solution File, Format Version 12.00
# Visual Studio Version 17
VisualStudioVersion = 17.13.35919.96 d17.13
MinimumVisualStudioVersion = 10.0.40219.1
Project("{FAE04EC0-301F-11D3-BF4B-00C04F79EFBC}") = "ItemSelectionApp", "ItemSelectionApp\ItemSelectionApp.csproj", "{159E6188-3CF4-40CB-86D4-36F4B03BC915}"
EndProject
Global
	GlobalSection(SolutionConfigurationPlatforms) = preSolution
		Debug|Any CPU = Debug|Any CPU
		Release|Any CPU = Release|Any CPU
	EndGlobalSection
	GlobalSection(ProjectConfigurationPlatforms) = postSolution
		{159E6188-3CF4-40CB-86D4-36F4B03BC915}.Debug|Any CPU.ActiveCfg = Debug|Any CPU
		{159E6188-3CF4-40CB-86D4-36F4B03BC915}.Debug|Any CPU.Build.0 = Debug|Any CPU
		{159E6188-3CF4-40CB-86D4-36F4B03BC915}.Release|Any CPU.ActiveCfg = Release|Any CPU
		{159E6188-3CF4-40CB-86D4-36F4B03BC915}.Release|Any CPU.Build.0 = Release|Any CPU
	EndGlobalSection
	GlobalSection(SolutionProperties) = preSolution
		HideSolutionNode = FALSE
	EndGlobalSection
	GlobalSection(ExtensibilityGlobals) = postSolution
		SolutionGuid = {27EE1C1D-3944-4F1A-909F-BF38BAB1B65B}
	EndGlobalSection
EndGlobal
