
Microsoft Visual Studio Solution File, Format Version 12.00
# Visual Studio Version 17
VisualStudioVersion = 17.14.36518.9 d17.14
MinimumVisualStudioVersion = 10.0.40219.1
Project("{FAE04EC0-301F-11D3-BF4B-00C04F79EFBC}") = "BlazorWasmApp", "BlazorWasmApp\BlazorWasmApp.csproj", "{8E5D0D7F-57A0-4356-AC3C-B58EF310025E}"
EndProject
Global
	GlobalSection(SolutionConfigurationPlatforms) = preSolution
		Debug|Any CPU = Debug|Any CPU
		Release|Any CPU = Release|Any CPU
	EndGlobalSection
	GlobalSection(ProjectConfigurationPlatforms) = postSolution
		{8E5D0D7F-57A0-4356-AC3C-B58EF310025E}.Debug|Any CPU.ActiveCfg = Debug|Any CPU
		{8E5D0D7F-57A0-4356-AC3C-B58EF310025E}.Debug|Any CPU.Build.0 = Debug|Any CPU
		{8E5D0D7F-57A0-4356-AC3C-B58EF310025E}.Release|Any CPU.ActiveCfg = Release|Any CPU
		{8E5D0D7F-57A0-4356-AC3C-B58EF310025E}.Release|Any CPU.Build.0 = Release|Any CPU
	EndGlobalSection
	GlobalSection(SolutionProperties) = preSolution
		HideSolutionNode = FALSE
	EndGlobalSection
	GlobalSection(ExtensibilityGlobals) = postSolution
		SolutionGuid = {3B8A1572-CA72-403A-83D2-FB979EB47DA5}
	EndGlobalSection
EndGlobal
