
Microsoft Visual Studio Solution File, Format Version 12.00
# Visual Studio Version 17
VisualStudioVersion = 17.4.33205.214
MinimumVisualStudioVersion = 10.0.40219.1
Project("{FAE04EC0-301F-11D3-BF4B-00C04F79EFBC}") = "Phone", "Phone\Phone.csproj", "{B863FBA3-7BE4-49B4-A33E-289E30338FA1}"
EndProject
Global
	GlobalSection(SolutionConfigurationPlatforms) = preSolution
		Debug|Any CPU = Debug|Any CPU
		Release|Any CPU = Release|Any CPU
	EndGlobalSection
	GlobalSection(ProjectConfigurationPlatforms) = postSolution
		{B863FBA3-7BE4-49B4-A33E-289E30338FA1}.Debug|Any CPU.ActiveCfg = Debug|Any CPU
		{B863FBA3-7BE4-49B4-A33E-289E30338FA1}.Debug|Any CPU.Build.0 = Debug|Any CPU
		{B863FBA3-7BE4-49B4-A33E-289E30338FA1}.Release|Any CPU.ActiveCfg = Release|Any CPU
		{B863FBA3-7BE4-49B4-A33E-289E30338FA1}.Release|Any CPU.Build.0 = Release|Any CPU
	EndGlobalSection
	GlobalSection(SolutionProperties) = preSolution
		HideSolutionNode = FALSE
	EndGlobalSection
	GlobalSection(ExtensibilityGlobals) = postSolution
		SolutionGuid = {AD5E016C-F6FC-4CEE-94C9-8E4301AFC744}
	EndGlobalSection
EndGlobal
