
Microsoft Visual Studio Solution File, Format Version 12.00
# Visual Studio Version 17
VisualStudioVersion = 17.5.33502.453
MinimumVisualStudioVersion = 10.0.40219.1
Project("{FAE04EC0-301F-11D3-BF4B-00C04F79EFBC}") = "Camera", "Camera\Camera.csproj", "{621454DB-6B38-4F44-84EC-B5ECEA50C2DB}"
EndProject
Global
	GlobalSection(SolutionConfigurationPlatforms) = preSolution
		Debug|Any CPU = Debug|Any CPU
		Release|Any CPU = Release|Any CPU
	EndGlobalSection
	GlobalSection(ProjectConfigurationPlatforms) = postSolution
		{621454DB-6B38-4F44-84EC-B5ECEA50C2DB}.Debug|Any CPU.ActiveCfg = Debug|Any CPU
		{621454DB-6B38-4F44-84EC-B5ECEA50C2DB}.Debug|Any CPU.Build.0 = Debug|Any CPU
		{621454DB-6B38-4F44-84EC-B5ECEA50C2DB}.Release|Any CPU.ActiveCfg = Release|Any CPU
		{621454DB-6B38-4F44-84EC-B5ECEA50C2DB}.Release|Any CPU.Build.0 = Release|Any CPU
	EndGlobalSection
	GlobalSection(SolutionProperties) = preSolution
		HideSolutionNode = FALSE
	EndGlobalSection
	GlobalSection(ExtensibilityGlobals) = postSolution
		SolutionGuid = {8152D60B-3A5B-4BA8-BCF8-65318E73199E}
	EndGlobalSection
EndGlobal
