
Microsoft Visual Studio Solution File, Format Version 12.00
# Visual Studio Version 17
VisualStudioVersion = 17.13.35919.96 d17.13
MinimumVisualStudioVersion = 10.0.40219.1
Project("{FAE04EC0-301F-11D3-BF4B-00C04F79EFBC}") = "TextFileEditor", "TextFileEditor\TextFileEditor.csproj", "{9FF41613-FEE1-485D-AC27-8D6B49378517}"
EndProject
Global
	GlobalSection(SolutionConfigurationPlatforms) = preSolution
		Debug|Any CPU = Debug|Any CPU
		Release|Any CPU = Release|Any CPU
	EndGlobalSection
	GlobalSection(ProjectConfigurationPlatforms) = postSolution
		{9FF41613-FEE1-485D-AC27-8D6B49378517}.Debug|Any CPU.ActiveCfg = Debug|Any CPU
		{9FF41613-FEE1-485D-AC27-8D6B49378517}.Debug|Any CPU.Build.0 = Debug|Any CPU
		{9FF41613-FEE1-485D-AC27-8D6B49378517}.Release|Any CPU.ActiveCfg = Release|Any CPU
		{9FF41613-FEE1-485D-AC27-8D6B49378517}.Release|Any CPU.Build.0 = Release|Any CPU
	EndGlobalSection
	GlobalSection(SolutionProperties) = preSolution
		HideSolutionNode = FALSE
	EndGlobalSection
	GlobalSection(ExtensibilityGlobals) = postSolution
		SolutionGuid = {90308551-7089-4124-A16D-8382AD38FCF0}
	EndGlobalSection
EndGlobal
