
Microsoft Visual Studio Solution File, Format Version 12.00
# Visual Studio Version 17
VisualStudioVersion = 17.4.33205.214
MinimumVisualStudioVersion = 10.0.40219.1
Project("{FAE04EC0-301F-11D3-BF4B-00C04F79EFBC}") = "ResourcesConcept", "ResourcesConcept\ResourcesConcept.csproj", "{61BA1F72-9984-495A-BA3F-B0A57341B5B0}"
EndProject
Project("{FAE04EC0-301F-11D3-BF4B-00C04F79EFBC}") = "ResourceButton", "ResourceButton\ResourceButton.csproj", "{C313F331-2C34-4728-8A0D-2385E828926D}"
EndProject
Project("{FAE04EC0-301F-11D3-BF4B-00C04F79EFBC}") = "PhonesList", "PhonesList\PhonesList.csproj", "{28D17E35-A657-4469-B2E0-DE47F05EFD06}"
EndProject
Global
	GlobalSection(SolutionConfigurationPlatforms) = preSolution
		Debug|Any CPU = Debug|Any CPU
		Release|Any CPU = Release|Any CPU
	EndGlobalSection
	GlobalSection(ProjectConfigurationPlatforms) = postSolution
		{61BA1F72-9984-495A-BA3F-B0A57341B5B0}.Debug|Any CPU.ActiveCfg = Debug|Any CPU
		{61BA1F72-9984-495A-BA3F-B0A57341B5B0}.Debug|Any CPU.Build.0 = Debug|Any CPU
		{61BA1F72-9984-495A-BA3F-B0A57341B5B0}.Release|Any CPU.ActiveCfg = Release|Any CPU
		{61BA1F72-9984-495A-BA3F-B0A57341B5B0}.Release|Any CPU.Build.0 = Release|Any CPU
		{C313F331-2C34-4728-8A0D-2385E828926D}.Debug|Any CPU.ActiveCfg = Debug|Any CPU
		{C313F331-2C34-4728-8A0D-2385E828926D}.Debug|Any CPU.Build.0 = Debug|Any CPU
		{C313F331-2C34-4728-8A0D-2385E828926D}.Release|Any CPU.ActiveCfg = Release|Any CPU
		{C313F331-2C34-4728-8A0D-2385E828926D}.Release|Any CPU.Build.0 = Release|Any CPU
		{28D17E35-A657-4469-B2E0-DE47F05EFD06}.Debug|Any CPU.ActiveCfg = Debug|Any CPU
		{28D17E35-A657-4469-B2E0-DE47F05EFD06}.Debug|Any CPU.Build.0 = Debug|Any CPU
		{28D17E35-A657-4469-B2E0-DE47F05EFD06}.Release|Any CPU.ActiveCfg = Release|Any CPU
		{28D17E35-A657-4469-B2E0-DE47F05EFD06}.Release|Any CPU.Build.0 = Release|Any CPU
	EndGlobalSection
	GlobalSection(SolutionProperties) = preSolution
		HideSolutionNode = FALSE
	EndGlobalSection
	GlobalSection(ExtensibilityGlobals) = postSolution
		SolutionGuid = {ECFEDB61-5AD8-43F2-BD24-22EF0A82B1CC}
	EndGlobalSection
EndGlobal
