
Microsoft Visual Studio Solution File, Format Version 12.00
# Visual Studio Version 17
VisualStudioVersion = 17.5.33530.505
MinimumVisualStudioVersion = 10.0.40219.1
Project("{FAE04EC0-301F-11D3-BF4B-00C04F79EFBC}") = "GetSingleDocument", "GetSingleDocument\GetSingleDocument.csproj", "{3EDA71B1-7032-4D00-8D75-62E17D94D732}"
EndProject
Global
	GlobalSection(SolutionConfigurationPlatforms) = preSolution
		Debug|Any CPU = Debug|Any CPU
		Release|Any CPU = Release|Any CPU
	EndGlobalSection
	GlobalSection(ProjectConfigurationPlatforms) = postSolution
		{3EDA71B1-7032-4D00-8D75-62E17D94D732}.Debug|Any CPU.ActiveCfg = Debug|Any CPU
		{3EDA71B1-7032-4D00-8D75-62E17D94D732}.Debug|Any CPU.Build.0 = Debug|Any CPU
		{3EDA71B1-7032-4D00-8D75-62E17D94D732}.Release|Any CPU.ActiveCfg = Release|Any CPU
		{3EDA71B1-7032-4D00-8D75-62E17D94D732}.Release|Any CPU.Build.0 = Release|Any CPU
	EndGlobalSection
	GlobalSection(SolutionProperties) = preSolution
		HideSolutionNode = FALSE
	EndGlobalSection
	GlobalSection(ExtensibilityGlobals) = postSolution
		SolutionGuid = {83A5F443-EF58-44A4-A599-4F106B5D8867}
	EndGlobalSection
EndGlobal
