
Microsoft Visual Studio Solution File, Format Version 12.00
# Visual Studio Version 17
VisualStudioVersion = 17.14.36811.4 d17.14
MinimumVisualStudioVersion = 10.0.40219.1
Project("{FAE04EC0-301F-11D3-BF4B-00C04F79EFBC}") = "ComponentLifecycleApp", "ComponentLifecycleApp\ComponentLifecycleApp.csproj", "{6E90F5AB-82CD-4B4F-96FC-C1AE1770FCC4}"
EndProject
Global
	GlobalSection(SolutionConfigurationPlatforms) = preSolution
		Debug|Any CPU = Debug|Any CPU
		Release|Any CPU = Release|Any CPU
	EndGlobalSection
	GlobalSection(ProjectConfigurationPlatforms) = postSolution
		{6E90F5AB-82CD-4B4F-96FC-C1AE1770FCC4}.Debug|Any CPU.ActiveCfg = Debug|Any CPU
		{6E90F5AB-82CD-4B4F-96FC-C1AE1770FCC4}.Debug|Any CPU.Build.0 = Debug|Any CPU
		{6E90F5AB-82CD-4B4F-96FC-C1AE1770FCC4}.Release|Any CPU.ActiveCfg = Release|Any CPU
		{6E90F5AB-82CD-4B4F-96FC-C1AE1770FCC4}.Release|Any CPU.Build.0 = Release|Any CPU
	EndGlobalSection
	GlobalSection(SolutionProperties) = preSolution
		HideSolutionNode = FALSE
	EndGlobalSection
	GlobalSection(ExtensibilityGlobals) = postSolution
		SolutionGuid = {A400B98F-74E9-47B9-B46C-5E1EBC7AC4AB}
	EndGlobalSection
EndGlobal
