
Microsoft Visual Studio Solution File, Format Version 12.00
# Visual Studio Version 17
VisualStudioVersion = 17.4.33205.214
MinimumVisualStudioVersion = 10.0.40219.1
Project("{FAE04EC0-301F-11D3-BF4B-00C04F79EFBC}") = "UniformGrid", "UniformGrid\UniformGrid.csproj", "{EE66F9E8-917B-4019-B3FA-67E54A1B6C64}"
EndProject
Global
	GlobalSection(SolutionConfigurationPlatforms) = preSolution
		Debug|Any CPU = Debug|Any CPU
		Release|Any CPU = Release|Any CPU
	EndGlobalSection
	GlobalSection(ProjectConfigurationPlatforms) = postSolution
		{EE66F9E8-917B-4019-B3FA-67E54A1B6C64}.Debug|Any CPU.ActiveCfg = Debug|Any CPU
		{EE66F9E8-917B-4019-B3FA-67E54A1B6C64}.Debug|Any CPU.Build.0 = Debug|Any CPU
		{EE66F9E8-917B-4019-B3FA-67E54A1B6C64}.Release|Any CPU.ActiveCfg = Release|Any CPU
		{EE66F9E8-917B-4019-B3FA-67E54A1B6C64}.Release|Any CPU.Build.0 = Release|Any CPU
	EndGlobalSection
	GlobalSection(SolutionProperties) = preSolution
		HideSolutionNode = FALSE
	EndGlobalSection
	GlobalSection(ExtensibilityGlobals) = postSolution
		SolutionGuid = {2C661CEE-42AA-4013-B135-693D2A1FDE73}
	EndGlobalSection
EndGlobal
