
Microsoft Visual Studio Solution File, Format Version 12.00
# Visual Studio Version 17
VisualStudioVersion = 17.13.35913.81 d17.13
MinimumVisualStudioVersion = 10.0.40219.1
Project("{FAE04EC0-301F-11D3-BF4B-00C04F79EFBC}") = "BindingObjectApp", "BindingObjectApp\BindingObjectApp.csproj", "{FBBDE937-24F0-46CD-8889-83BFF67A5EB3}"
EndProject
Global
	GlobalSection(SolutionConfigurationPlatforms) = preSolution
		Debug|Any CPU = Debug|Any CPU
		Release|Any CPU = Release|Any CPU
	EndGlobalSection
	GlobalSection(ProjectConfigurationPlatforms) = postSolution
		{FBBDE937-24F0-46CD-8889-83BFF67A5EB3}.Debug|Any CPU.ActiveCfg = Debug|Any CPU
		{FBBDE937-24F0-46CD-8889-83BFF67A5EB3}.Debug|Any CPU.Build.0 = Debug|Any CPU
		{FBBDE937-24F0-46CD-8889-83BFF67A5EB3}.Release|Any CPU.ActiveCfg = Release|Any CPU
		{FBBDE937-24F0-46CD-8889-83BFF67A5EB3}.Release|Any CPU.Build.0 = Release|Any CPU
	EndGlobalSection
	GlobalSection(SolutionProperties) = preSolution
		HideSolutionNode = FALSE
	EndGlobalSection
	GlobalSection(ExtensibilityGlobals) = postSolution
		SolutionGuid = {215FEA5E-58CD-46A9-9643-F0FDD64EA88A}
	EndGlobalSection
EndGlobal
