
Microsoft Visual Studio Solution File, Format Version 12.00
# Visual Studio Version 17
VisualStudioVersion = 17.5.33502.453
MinimumVisualStudioVersion = 10.0.40219.1
Project("{FAE04EC0-301F-11D3-BF4B-00C04F79EFBC}") = "MethodBulkWriteAsync", "MethodBulkWriteAsync\MethodBulkWriteAsync.csproj", "{FAD8680B-061C-4DF6-A6DD-988D2F44F1CA}"
EndProject
Global
	GlobalSection(SolutionConfigurationPlatforms) = preSolution
		Debug|Any CPU = Debug|Any CPU
		Release|Any CPU = Release|Any CPU
	EndGlobalSection
	GlobalSection(ProjectConfigurationPlatforms) = postSolution
		{FAD8680B-061C-4DF6-A6DD-988D2F44F1CA}.Debug|Any CPU.ActiveCfg = Debug|Any CPU
		{FAD8680B-061C-4DF6-A6DD-988D2F44F1CA}.Debug|Any CPU.Build.0 = Debug|Any CPU
		{FAD8680B-061C-4DF6-A6DD-988D2F44F1CA}.Release|Any CPU.ActiveCfg = Release|Any CPU
		{FAD8680B-061C-4DF6-A6DD-988D2F44F1CA}.Release|Any CPU.Build.0 = Release|Any CPU
	EndGlobalSection
	GlobalSection(SolutionProperties) = preSolution
		HideSolutionNode = FALSE
	EndGlobalSection
	GlobalSection(ExtensibilityGlobals) = postSolution
		SolutionGuid = {29F28D97-9310-45C7-9CAC-EB8676972D01}
	EndGlobalSection
EndGlobal
