
Microsoft Visual Studio Solution File, Format Version 12.00
# Visual Studio Version 17
VisualStudioVersion = 17.13.35825.156 d17.13
MinimumVisualStudioVersion = 10.0.40219.1
Project("{FAE04EC0-301F-11D3-BF4B-00C04F79EFBC}") = "PickerApp", "PickerApp\PickerApp.csproj", "{BE90F15F-CB40-4252-BB19-3F18B7B5A7EB}"
EndProject
Global
	GlobalSection(SolutionConfigurationPlatforms) = preSolution
		Debug|Any CPU = Debug|Any CPU
		Release|Any CPU = Release|Any CPU
	EndGlobalSection
	GlobalSection(ProjectConfigurationPlatforms) = postSolution
		{BE90F15F-CB40-4252-BB19-3F18B7B5A7EB}.Debug|Any CPU.ActiveCfg = Debug|Any CPU
		{BE90F15F-CB40-4252-BB19-3F18B7B5A7EB}.Debug|Any CPU.Build.0 = Debug|Any CPU
		{BE90F15F-CB40-4252-BB19-3F18B7B5A7EB}.Release|Any CPU.ActiveCfg = Release|Any CPU
		{BE90F15F-CB40-4252-BB19-3F18B7B5A7EB}.Release|Any CPU.Build.0 = Release|Any CPU
	EndGlobalSection
	GlobalSection(SolutionProperties) = preSolution
		HideSolutionNode = FALSE
	EndGlobalSection
	GlobalSection(ExtensibilityGlobals) = postSolution
		SolutionGuid = {43CC65B5-4739-4F3A-9B7C-D5122F2BA64A}
	EndGlobalSection
EndGlobal
