
Microsoft Visual Studio Solution File, Format Version 12.00
# Visual Studio Version 17
VisualStudioVersion = 17.5.33530.505
MinimumVisualStudioVersion = 10.0.40219.1
Project("{9A19103F-16F7-4668-BE54-9A1E7A4F7556}") = "ChainOfResponsibility", "ChainOfResponsibility\ChainOfResponsibility.csproj", "{97D41894-33B5-4BB1-AF48-9449EC32BDAF}"
EndProject
Global
	GlobalSection(SolutionConfigurationPlatforms) = preSolution
		Debug|Any CPU = Debug|Any CPU
		Release|Any CPU = Release|Any CPU
	EndGlobalSection
	GlobalSection(ProjectConfigurationPlatforms) = postSolution
		{97D41894-33B5-4BB1-AF48-9449EC32BDAF}.Debug|Any CPU.ActiveCfg = Debug|Any CPU
		{97D41894-33B5-4BB1-AF48-9449EC32BDAF}.Debug|Any CPU.Build.0 = Debug|Any CPU
		{97D41894-33B5-4BB1-AF48-9449EC32BDAF}.Release|Any CPU.ActiveCfg = Release|Any CPU
		{97D41894-33B5-4BB1-AF48-9449EC32BDAF}.Release|Any CPU.Build.0 = Release|Any CPU
	EndGlobalSection
	GlobalSection(SolutionProperties) = preSolution
		HideSolutionNode = FALSE
	EndGlobalSection
	GlobalSection(ExtensibilityGlobals) = postSolution
		SolutionGuid = {7022E4F1-99AF-431E-8B19-0EB150394942}
	EndGlobalSection
EndGlobal
