
Microsoft Visual Studio Solution File, Format Version 12.00
# Visual Studio Version 17
VisualStudioVersion = 17.13.35919.96 d17.13
MinimumVisualStudioVersion = 10.0.40219.1
Project("{FAE04EC0-301F-11D3-BF4B-00C04F79EFBC}") = "CarouselViewApp", "CarouselViewApp\CarouselViewApp.csproj", "{D520D60D-1FD9-4384-B0A1-8A1A2DC7987D}"
EndProject
Global
	GlobalSection(SolutionConfigurationPlatforms) = preSolution
		Debug|Any CPU = Debug|Any CPU
		Release|Any CPU = Release|Any CPU
	EndGlobalSection
	GlobalSection(ProjectConfigurationPlatforms) = postSolution
		{D520D60D-1FD9-4384-B0A1-8A1A2DC7987D}.Debug|Any CPU.ActiveCfg = Debug|Any CPU
		{D520D60D-1FD9-4384-B0A1-8A1A2DC7987D}.Debug|Any CPU.Build.0 = Debug|Any CPU
		{D520D60D-1FD9-4384-B0A1-8A1A2DC7987D}.Release|Any CPU.ActiveCfg = Release|Any CPU
		{D520D60D-1FD9-4384-B0A1-8A1A2DC7987D}.Release|Any CPU.Build.0 = Release|Any CPU
	EndGlobalSection
	GlobalSection(SolutionProperties) = preSolution
		HideSolutionNode = FALSE
	EndGlobalSection
	GlobalSection(ExtensibilityGlobals) = postSolution
		SolutionGuid = {B2FE5DAB-03D2-4801-A0C0-47AC686FB485}
	EndGlobalSection
EndGlobal
