
Microsoft Visual Studio Solution File, Format Version 12.00
# Visual Studio Version 17
VisualStudioVersion = 17.14.36915.13 d17.14
MinimumVisualStudioVersion = 10.0.40219.1
Project("{FAE04EC0-301F-11D3-BF4B-00C04F79EFBC}") = "EditFormComponentApp", "EditFormComponentApp\EditFormComponentApp.csproj", "{27659DA3-2811-4689-B280-DCA09E9B3FE9}"
EndProject
Global
	GlobalSection(SolutionConfigurationPlatforms) = preSolution
		Debug|Any CPU = Debug|Any CPU
		Release|Any CPU = Release|Any CPU
	EndGlobalSection
	GlobalSection(ProjectConfigurationPlatforms) = postSolution
		{27659DA3-2811-4689-B280-DCA09E9B3FE9}.Debug|Any CPU.ActiveCfg = Debug|Any CPU
		{27659DA3-2811-4689-B280-DCA09E9B3FE9}.Debug|Any CPU.Build.0 = Debug|Any CPU
		{27659DA3-2811-4689-B280-DCA09E9B3FE9}.Release|Any CPU.ActiveCfg = Release|Any CPU
		{27659DA3-2811-4689-B280-DCA09E9B3FE9}.Release|Any CPU.Build.0 = Release|Any CPU
	EndGlobalSection
	GlobalSection(SolutionProperties) = preSolution
		HideSolutionNode = FALSE
	EndGlobalSection
	GlobalSection(ExtensibilityGlobals) = postSolution
		SolutionGuid = {1EDB43D2-4847-4A51-9919-DC94FC2CC45D}
	EndGlobalSection
EndGlobal
