
Microsoft Visual Studio Solution File, Format Version 12.00
# Visual Studio Version 17
VisualStudioVersion = 17.4.33205.214
MinimumVisualStudioVersion = 10.0.40219.1
Project("{FAE04EC0-301F-11D3-BF4B-00C04F79EFBC}") = "ExceptionValidationRule", "ExceptionValidationRule\ExceptionValidationRule.csproj", "{AD6E7D40-F327-4852-8799-0D62B2E15921}"
EndProject
Global
	GlobalSection(SolutionConfigurationPlatforms) = preSolution
		Debug|Any CPU = Debug|Any CPU
		Release|Any CPU = Release|Any CPU
	EndGlobalSection
	GlobalSection(ProjectConfigurationPlatforms) = postSolution
		{AD6E7D40-F327-4852-8799-0D62B2E15921}.Debug|Any CPU.ActiveCfg = Debug|Any CPU
		{AD6E7D40-F327-4852-8799-0D62B2E15921}.Debug|Any CPU.Build.0 = Debug|Any CPU
		{AD6E7D40-F327-4852-8799-0D62B2E15921}.Release|Any CPU.ActiveCfg = Release|Any CPU
		{AD6E7D40-F327-4852-8799-0D62B2E15921}.Release|Any CPU.Build.0 = Release|Any CPU
	EndGlobalSection
	GlobalSection(SolutionProperties) = preSolution
		HideSolutionNode = FALSE
	EndGlobalSection
	GlobalSection(ExtensibilityGlobals) = postSolution
		SolutionGuid = {63A21BFA-4F3A-4042-A577-AACF1899C95F}
	EndGlobalSection
EndGlobal
